{
  "version": 4,
  "terraform_version": "1.3.0",
  "serial": 134,
  "lineage": "f88ab54e-b5a6-b864-49e8-49ce46a39a6e",
  "outputs": {
    "api_service_url": {
      "value": "https://api-zff2abh3ta-uc.a.run.app",
      "type": "string"
    },
    "service_account_key": {
      "value": "ewogICJ0eXBlIjogInNlcnZpY2VfYWNjb3VudCIsCiAgInByb2plY3RfaWQiOiAiY29uY2VydC10cmFja2VyLTI3NzAxNiIsCiAgInByaXZhdGVfa2V5X2lkIjogImI5NTY3OWFkNmY0NDM2YzUxMjYzMzhhNmI3ZjkzYzUyNTg0OWU5Y2MiLAogICJwcml2YXRlX2tleSI6ICItLS0tLUJFR0lOIFBSSVZBVEUgS0VZLS0tLS1cbk1JSUV2Z0lCQURBTkJna3Foa2lHOXcwQkFRRUZBQVNDQktnd2dnU2tBZ0VBQW9JQkFRRGdmMXpibUpjSVBvaTFcblorTGEwdmVxR0srTWpMSEFsUnIwU1F0SUEvWlFJaG1jWlhKMER1MHp1UVhtRWtRMUorYnpEbjdHY0VRbFcwWEJcbnZpMGNQdDQ0VGhIVGNuUnlzVkJHaFkrU1JBY1lLeitKTTZ3M3JaLzhHcGhLTGlsR2k1UkVOMzZQbnI0d2U4QzRcbk52Y3dtKzZTTFhZQ2FnZytRVFdBOWs3YUxkNkF5MFRVODNQd3dObEp1anlYZklER3Z3QUpsV3VFOTNnSDdJQ2lcbkV3d0JvVmdWWXR0dDJGVnhDdnNMaWdwS3FVOUR3LzFBd2VxRkFIVnRpRDgvUks5d0xFRzhGYm4zOWFDUWZEU2JcbmJBU09XbDBQdmxNamxEVi9JamdQVjNSenZNOFBuellyaUhtUUhBbEJZOUNCcnljSkxRczdLbktTN3NVUlN2eHpcblZsZEl1U1NyQWdNQkFBRUNnZ0VBQU5oUE5TbTNNbm9VY2FVRHlaRzV0T2phNEVzM1JXT2ZuUVBFQ0hBR0MvblVcbjRZTWxrY3pzbFBhV3BjTUpMQVMyYmRFWmU3aGpIcHVLcTZ3Q1BNcFB5U1BNd0FyODUrR2E5NzVROHEvOE1ZUnRcbmZNcTJWSTlSWnRXQ3lvOVo2eFlPRWlPb3FrbTRBRFFNWHZwMSs3ZUZNbHBSYzJPS3h4RTFHUU1wcGlYb3R5WUtcbjV4ZXdKcnBJeXhNOGVTdE5ja1BxVmtHbVI1QWlnZktQbXo0TWRqZFlvdXFNK1krR0ZMTGRMTlVjeWRneEE2UDRcbk1vWmxITmVCUWc4YjZhUmcyT1cydHBjSnpuTHBrQ3BRL2Z0RGxjaUZNZVd5N1QrOVFxNEdsYldOWC94NC8rUVdcbndEZDlSdnFVQ2JyYm5OZFc1em0yMHR0TTFJVEVxSWVjb3c1TkowYmlJUUtCZ1FEN2szaFRTYzJvS3VUTGRzMEdcbjZtSU1XSmR1ZUhLbzkwUUVIbEVBcDdQdE9MRTNyRlBnaUIwMS85alVrRmJ1czlxV01rakJvWFJxaGhXL0VhNytcbjdMem9jbEg2WS9uV1VENTJ4U1liNEx1ejFsUTVHYUpMMFZ3R1k2ZEhFdnFsN3BYWWRJS3J5NG42bUVQTjV1OHpcblhyNmRzNmJmMWlRWTJLMCtVWTUyaDFzV2Z3S0JnUURrY2YzODd5V0JXazVNdW9TaHYwWXZ0U2hVV2tYRi9DMFpcbnh6cTlsYUVkeWlva1ZSQ1hSZ3VtNnQvMXhjSkRyVldCaHZDS2k3cExzOTNGK0xMdTEvU1lvSUpNa0hoUmIybzBcbmlJUHY1TnlicFIwamJ2WTZNZmwzSW8wbVB3T1BKdE5zbm82aHNWajFic1NydlF4VFFKK0FUMWVkL3ZBeWZDUWtcbmgrWWFucndUMVFLQmdRQ0lMbWZ3RGY5NWpONlZGUllmTERrdkhiVzdZeEFPVHV0T24ycVJ4RFl0cjRhZThIWG5cbkVVZGV0OFFVTEo0aVVORitoSEhGL3pRWmhjTzN6a2JBVUQ1aVJhQUN2cU83VTJ5OHRqUE8yM1JBQVVGT040WVhcbkxKbDRDL0c5RTVVQ3hZZnZ5QUlFSlFYbjFReS9KTWRQTTNaVHY3QVJjc1hQZlZzcVpOT05iZS9zMlFLQmdDc1pcbjZzN25IQTlzeDJzb29jK1d0QnBhTnJLN21ZQ0NWTXdSVDk3bk5VL1dqZDd2QWNOWTN1ZnVWclViUzh6VERsZnlcbjZyMXBJWXdZOHBYZ2wzb0MyczVWTW1CWnZhbTN1TFVTc0xuNVZ6b3lpKzNjaUs1d01WNHQ4YTJ1by9CRlpneVBcbldkL2VBeWZEYjIzcnJFQ2s1N01neFNvMUtJS044NC9FNkVCTGhMYkZBb0dCQUpMZ2hlTjBTVXFtRGM0MmIwRTNcblY5MmJoL3V6WVF4UGVGMXpmcU9Qd0NORlFUN0ZqaC9vYVVOUnRTU1pqSllHNThYQnpUM3FwNHQyeTdTVldXRUdcbkF4VitWcTFRcW5IYmxFK0NsdmhFZ0ZidXdUeG01RndlWXVySXR4VTJSTy9lanJXRTlyOG0rd3hYQUhnTnBHOXZcbm9LTkZ3c08xOEdpL0xKWkZjV1V1MjR1RVxuLS0tLS1FTkQgUFJJVkFURSBLRVktLS0tLVxuIiwKICAiY2xpZW50X2VtYWlsIjogImdpdGh1Yi1hY3Rpb25zLXNhQGNvbmNlcnQtdHJhY2tlci0yNzcwMTYuaWFtLmdzZXJ2aWNlYWNjb3VudC5jb20iLAogICJjbGllbnRfaWQiOiAiMTExMjQ0Mjg3NDkxMDE5NjkxNjgxIiwKICAiYXV0aF91cmkiOiAiaHR0cHM6Ly9hY2NvdW50cy5nb29nbGUuY29tL28vb2F1dGgyL2F1dGgiLAogICJ0b2tlbl91cmkiOiAiaHR0cHM6Ly9vYXV0aDIuZ29vZ2xlYXBpcy5jb20vdG9rZW4iLAogICJhdXRoX3Byb3ZpZGVyX3g1MDlfY2VydF91cmwiOiAiaHR0cHM6Ly93d3cuZ29vZ2xlYXBpcy5jb20vb2F1dGgyL3YxL2NlcnRzIiwKICAiY2xpZW50X3g1MDlfY2VydF91cmwiOiAiaHR0cHM6Ly93d3cuZ29vZ2xlYXBpcy5jb20vcm9ib3QvdjEvbWV0YWRhdGEveDUwOS9naXRodWItYWN0aW9ucy1zYSU0MGNvbmNlcnQtdHJhY2tlci0yNzcwMTYuaWFtLmdzZXJ2aWNlYWNjb3VudC5jb20iLAogICJ1bml2ZXJzZV9kb21haW4iOiAiZ29vZ2xlYXBpcy5jb20iCn0K",
      "type": "string",
      "sensitive": true
    },
    "service_account_key_json": {
      "value": "{\"auth_provider_x509_cert_url\":\"https://www.googleapis.com/oauth2/v1/certs\",\"auth_uri\":\"https://accounts.google.com/o/oauth2/auth\",\"client_email\":\"github-actions-sa@concert-tracker-277016.iam.gserviceaccount.com\",\"client_id\":\"111244287491019691681\",\"client_x509_cert_url\":\"https://www.googleapis.com/robot/v1/metadata/x509/github-actions-sa@concert-tracker-277016.iam.gserviceaccount.com\",\"private_key\":\"ewogICJ0eXBlIjogInNlcnZpY2VfYWNjb3VudCIsCiAgInByb2plY3RfaWQiOiAiY29uY2VydC10cmFja2VyLTI3NzAxNiIsCiAgInByaXZhdGVfa2V5X2lkIjogImI5NTY3OWFkNmY0NDM2YzUxMjYzMzhhNmI3ZjkzYzUyNTg0OWU5Y2MiLAogICJwcml2YXRlX2tleSI6ICItLS0tLUJFR0lOIFBSSVZBVEUgS0VZLS0tLS1cbk1JSUV2Z0lCQURBTkJna3Foa2lHOXcwQkFRRUZBQVNDQktnd2dnU2tBZ0VBQW9JQkFRRGdmMXpibUpjSVBvaTFcblorTGEwdmVxR0srTWpMSEFsUnIwU1F0SUEvWlFJaG1jWlhKMER1MHp1UVhtRWtRMUorYnpEbjdHY0VRbFcwWEJcbnZpMGNQdDQ0VGhIVGNuUnlzVkJHaFkrU1JBY1lLeitKTTZ3M3JaLzhHcGhLTGlsR2k1UkVOMzZQbnI0d2U4QzRcbk52Y3dtKzZTTFhZQ2FnZytRVFdBOWs3YUxkNkF5MFRVODNQd3dObEp1anlYZklER3Z3QUpsV3VFOTNnSDdJQ2lcbkV3d0JvVmdWWXR0dDJGVnhDdnNMaWdwS3FVOUR3LzFBd2VxRkFIVnRpRDgvUks5d0xFRzhGYm4zOWFDUWZEU2JcbmJBU09XbDBQdmxNamxEVi9JamdQVjNSenZNOFBuellyaUhtUUhBbEJZOUNCcnljSkxRczdLbktTN3NVUlN2eHpcblZsZEl1U1NyQWdNQkFBRUNnZ0VBQU5oUE5TbTNNbm9VY2FVRHlaRzV0T2phNEVzM1JXT2ZuUVBFQ0hBR0MvblVcbjRZTWxrY3pzbFBhV3BjTUpMQVMyYmRFWmU3aGpIcHVLcTZ3Q1BNcFB5U1BNd0FyODUrR2E5NzVROHEvOE1ZUnRcbmZNcTJWSTlSWnRXQ3lvOVo2eFlPRWlPb3FrbTRBRFFNWHZwMSs3ZUZNbHBSYzJPS3h4RTFHUU1wcGlYb3R5WUtcbjV4ZXdKcnBJeXhNOGVTdE5ja1BxVmtHbVI1QWlnZktQbXo0TWRqZFlvdXFNK1krR0ZMTGRMTlVjeWRneEE2UDRcbk1vWmxITmVCUWc4YjZhUmcyT1cydHBjSnpuTHBrQ3BRL2Z0RGxjaUZNZVd5N1QrOVFxNEdsYldOWC94NC8rUVdcbndEZDlSdnFVQ2JyYm5OZFc1em0yMHR0TTFJVEVxSWVjb3c1TkowYmlJUUtCZ1FEN2szaFRTYzJvS3VUTGRzMEdcbjZtSU1XSmR1ZUhLbzkwUUVIbEVBcDdQdE9MRTNyRlBnaUIwMS85alVrRmJ1czlxV01rakJvWFJxaGhXL0VhNytcbjdMem9jbEg2WS9uV1VENTJ4U1liNEx1ejFsUTVHYUpMMFZ3R1k2ZEhFdnFsN3BYWWRJS3J5NG42bUVQTjV1OHpcblhyNmRzNmJmMWlRWTJLMCtVWTUyaDFzV2Z3S0JnUURrY2YzODd5V0JXazVNdW9TaHYwWXZ0U2hVV2tYRi9DMFpcbnh6cTlsYUVkeWlva1ZSQ1hSZ3VtNnQvMXhjSkRyVldCaHZDS2k3cExzOTNGK0xMdTEvU1lvSUpNa0hoUmIybzBcbmlJUHY1TnlicFIwamJ2WTZNZmwzSW8wbVB3T1BKdE5zbm82aHNWajFic1NydlF4VFFKK0FUMWVkL3ZBeWZDUWtcbmgrWWFucndUMVFLQmdRQ0lMbWZ3RGY5NWpONlZGUllmTERrdkhiVzdZeEFPVHV0T24ycVJ4RFl0cjRhZThIWG5cbkVVZGV0OFFVTEo0aVVORitoSEhGL3pRWmhjTzN6a2JBVUQ1aVJhQUN2cU83VTJ5OHRqUE8yM1JBQVVGT040WVhcbkxKbDRDL0c5RTVVQ3hZZnZ5QUlFSlFYbjFReS9KTWRQTTNaVHY3QVJjc1hQZlZzcVpOT05iZS9zMlFLQmdDc1pcbjZzN25IQTlzeDJzb29jK1d0QnBhTnJLN21ZQ0NWTXdSVDk3bk5VL1dqZDd2QWNOWTN1ZnVWclViUzh6VERsZnlcbjZyMXBJWXdZOHBYZ2wzb0MyczVWTW1CWnZhbTN1TFVTc0xuNVZ6b3lpKzNjaUs1d01WNHQ4YTJ1by9CRlpneVBcbldkL2VBeWZEYjIzcnJFQ2s1N01neFNvMUtJS044NC9FNkVCTGhMYkZBb0dCQUpMZ2hlTjBTVXFtRGM0MmIwRTNcblY5MmJoL3V6WVF4UGVGMXpmcU9Qd0NORlFUN0ZqaC9vYVVOUnRTU1pqSllHNThYQnpUM3FwNHQyeTdTVldXRUdcbkF4VitWcTFRcW5IYmxFK0NsdmhFZ0ZidXdUeG01RndlWXVySXR4VTJSTy9lanJXRTlyOG0rd3hYQUhnTnBHOXZcbm9LTkZ3c08xOEdpL0xKWkZjV1V1MjR1RVxuLS0tLS1FTkQgUFJJVkFURSBLRVktLS0tLVxuIiwKICAiY2xpZW50X2VtYWlsIjogImdpdGh1Yi1hY3Rpb25zLXNhQGNvbmNlcnQtdHJhY2tlci0yNzcwMTYuaWFtLmdzZXJ2aWNlYWNjb3VudC5jb20iLAogICJjbGllbnRfaWQiOiAiMTExMjQ0Mjg3NDkxMDE5NjkxNjgxIiwKICAiYXV0aF91cmkiOiAiaHR0cHM6Ly9hY2NvdW50cy5nb29nbGUuY29tL28vb2F1dGgyL2F1dGgiLAogICJ0b2tlbl91cmkiOiAiaHR0cHM6Ly9vYXV0aDIuZ29vZ2xlYXBpcy5jb20vdG9rZW4iLAogICJhdXRoX3Byb3ZpZGVyX3g1MDlfY2VydF91cmwiOiAiaHR0cHM6Ly93d3cuZ29vZ2xlYXBpcy5jb20vb2F1dGgyL3YxL2NlcnRzIiwKICAiY2xpZW50X3g1MDlfY2VydF91cmwiOiAiaHR0cHM6Ly93d3cuZ29vZ2xlYXBpcy5jb20vcm9ib3QvdjEvbWV0YWRhdGEveDUwOS9naXRodWItYWN0aW9ucy1zYSU0MGNvbmNlcnQtdHJhY2tlci0yNzcwMTYuaWFtLmdzZXJ2aWNlYWNjb3VudC5jb20iLAogICJ1bml2ZXJzZV9kb21haW4iOiAiZ29vZ2xlYXBpcy5jb20iCn0K\",\"private_key_id\":\"projects/concert-tracker-277016/serviceAccounts/github-actions-sa@concert-tracker-277016.iam.gserviceaccount.com/keys/b95679ad6f4436c5126338a6b7f93c525849e9cc\",\"project_id\":\"concert-tracker-277016\",\"token_uri\":\"https://oauth2.googleapis.com/token\",\"type\":\"service_account\"}",
      "type": "string",
      "sensitive": true
    },
    "web_service_url": {
      "value": "https://web-zff2abh3ta-uc.a.run.app",
      "type": "string"
    }
  },
  "resources": [
    {
      "mode": "managed",
      "type": "google_artifact_registry_repository",
      "name": "api_registry",
      "provider": "provider[\"registry.terraform.io/hashicorp/google-beta\"]",
      "instances": [
        {
          "schema_version": 0,
          "attributes": {
            "cleanup_policies": [],
            "cleanup_policy_dry_run": false,
            "create_time": "2024-07-30T16:13:18.794637Z",
            "description": "Deployments repository for api images",
            "docker_config": [],
            "effective_labels": {},
            "format": "DOCKER",
            "id": "projects/concert-tracker-277016/locations/us-central1/repositories/api-repo",
            "kms_key_name": "",
            "labels": {},
            "location": "us-central1",
            "maven_config": [],
            "mode": "STANDARD_REPOSITORY",
            "name": "api-repo",
            "project": "concert-tracker-277016",
            "remote_repository_config": [],
            "repository_id": "api-repo",
            "terraform_labels": {},
            "timeouts": null,
            "update_time": "2024-07-30T19:05:15.149010Z",
            "virtual_repository_config": []
          },
          "sensitive_attributes": [],
          "private": "eyJlMmJmYjczMC1lY2FhLTExZTYtOGY4OC0zNDM2M2JjN2M0YzAiOnsiY3JlYXRlIjoxMjAwMDAwMDAwMDAwLCJkZWxldGUiOjEyMDAwMDAwMDAwMDAsInVwZGF0ZSI6MTIwMDAwMDAwMDAwMH19"
        }
      ]
    },
    {
      "mode": "managed",
      "type": "google_artifact_registry_repository",
      "name": "web_registry",
      "provider": "provider[\"registry.terraform.io/hashicorp/google-beta\"]",
      "instances": [
        {
          "schema_version": 0,
          "attributes": {
            "cleanup_policies": [],
            "cleanup_policy_dry_run": false,
            "create_time": "2024-07-30T16:13:18.531692Z",
            "description": "Deployments repository for web images",
            "docker_config": [],
            "effective_labels": {},
            "format": "DOCKER",
            "id": "projects/concert-tracker-277016/locations/us-central1/repositories/web-repo",
            "kms_key_name": "",
            "labels": {},
            "location": "us-central1",
            "maven_config": [],
            "mode": "STANDARD_REPOSITORY",
            "name": "web-repo",
            "project": "concert-tracker-277016",
            "remote_repository_config": [],
            "repository_id": "web-repo",
            "terraform_labels": {},
            "timeouts": null,
            "update_time": "2024-07-30T16:13:18.531692Z",
            "virtual_repository_config": []
          },
          "sensitive_attributes": [],
          "private": "eyJlMmJmYjczMC1lY2FhLTExZTYtOGY4OC0zNDM2M2JjN2M0YzAiOnsiY3JlYXRlIjoxMjAwMDAwMDAwMDAwLCJkZWxldGUiOjEyMDAwMDAwMDAwMDAsInVwZGF0ZSI6MTIwMDAwMDAwMDAwMH19"
        }
      ]
    },
    {
      "mode": "managed",
      "type": "google_project_iam_member",
      "name": "artifact_registry_reader",
      "provider": "provider[\"registry.terraform.io/hashicorp/google\"]",
      "instances": [
        {
          "schema_version": 0,
          "attributes": {
            "condition": [],
            "etag": "BwYeeWKvMjo=",
            "id": "concert-tracker-277016/roles/artifactregistry.reader/serviceAccount:github-actions-sa@concert-tracker-277016.iam.gserviceaccount.com",
            "member": "serviceAccount:github-actions-sa@concert-tracker-277016.iam.gserviceaccount.com",
            "project": "concert-tracker-277016",
            "role": "roles/artifactregistry.reader"
          },
          "sensitive_attributes": [],
          "private": "bnVsbA==",
          "dependencies": [
            "google_service_account.service_account"
          ]
        }
      ]
    },
    {
      "mode": "managed",
      "type": "google_project_iam_member",
      "name": "artifact_registry_writer",
      "provider": "provider[\"registry.terraform.io/hashicorp/google\"]",
      "instances": [
        {
          "schema_version": 0,
          "attributes": {
            "condition": [],
            "etag": "BwYeeWKvMjo=",
            "id": "concert-tracker-277016/roles/artifactregistry.writer/serviceAccount:github-actions-sa@concert-tracker-277016.iam.gserviceaccount.com",
            "member": "serviceAccount:github-actions-sa@concert-tracker-277016.iam.gserviceaccount.com",
            "project": "concert-tracker-277016",
            "role": "roles/artifactregistry.writer"
          },
          "sensitive_attributes": [],
          "private": "bnVsbA==",
          "dependencies": [
            "google_service_account.service_account"
          ]
        }
      ]
    },
    {
      "mode": "managed",
      "type": "google_project_iam_member",
      "name": "cloud_build_service_account",
      "provider": "provider[\"registry.terraform.io/hashicorp/google\"]",
      "instances": [
        {
          "schema_version": 0,
          "attributes": {
            "condition": [],
            "etag": "BwYeeWKvMjo=",
            "id": "concert-tracker-277016/roles/cloudbuild.builds.editor/serviceAccount:github-actions-sa@concert-tracker-277016.iam.gserviceaccount.com",
            "member": "serviceAccount:github-actions-sa@concert-tracker-277016.iam.gserviceaccount.com",
            "project": "concert-tracker-277016",
            "role": "roles/cloudbuild.builds.editor"
          },
          "sensitive_attributes": [],
          "private": "bnVsbA==",
          "dependencies": [
            "google_service_account.service_account"
          ]
        }
      ]
    },
    {
      "mode": "managed",
      "type": "google_project_iam_member",
      "name": "cloud_run_admin",
      "provider": "provider[\"registry.terraform.io/hashicorp/google\"]",
      "instances": [
        {
          "schema_version": 0,
          "attributes": {
            "condition": [],
            "etag": "BwYeeWKvMjo=",
            "id": "concert-tracker-277016/roles/run.admin/serviceAccount:github-actions-sa@concert-tracker-277016.iam.gserviceaccount.com",
            "member": "serviceAccount:github-actions-sa@concert-tracker-277016.iam.gserviceaccount.com",
            "project": "concert-tracker-277016",
            "role": "roles/run.admin"
          },
          "sensitive_attributes": [],
          "private": "bnVsbA==",
          "dependencies": [
            "google_service_account.service_account"
          ]
        }
      ]
    },
    {
      "mode": "managed",
      "type": "google_project_iam_member",
      "name": "service_account_user",
      "provider": "provider[\"registry.terraform.io/hashicorp/google\"]",
      "instances": [
        {
          "schema_version": 0,
          "attributes": {
            "condition": [],
            "etag": "BwYeeWKvMjo=",
            "id": "concert-tracker-277016/roles/iam.serviceAccountUser/serviceAccount:github-actions-sa@concert-tracker-277016.iam.gserviceaccount.com",
            "member": "serviceAccount:github-actions-sa@concert-tracker-277016.iam.gserviceaccount.com",
            "project": "concert-tracker-277016",
            "role": "roles/iam.serviceAccountUser"
          },
          "sensitive_attributes": [],
          "private": "bnVsbA==",
          "dependencies": [
            "google_service_account.service_account"
          ]
        }
      ]
    },
    {
      "mode": "managed",
      "type": "google_project_iam_member",
      "name": "storage_admin",
      "provider": "provider[\"registry.terraform.io/hashicorp/google\"]",
      "instances": [
        {
          "schema_version": 0,
          "attributes": {
            "condition": [],
            "etag": "BwYeeWKvMjo=",
            "id": "concert-tracker-277016/roles/storage.admin/serviceAccount:github-actions-sa@concert-tracker-277016.iam.gserviceaccount.com",
            "member": "serviceAccount:github-actions-sa@concert-tracker-277016.iam.gserviceaccount.com",
            "project": "concert-tracker-277016",
            "role": "roles/storage.admin"
          },
          "sensitive_attributes": [],
          "private": "bnVsbA==",
          "dependencies": [
            "google_service_account.service_account"
          ]
        }
      ]
    },
    {
      "mode": "managed",
      "type": "google_project_iam_member",
      "name": "viewer",
      "provider": "provider[\"registry.terraform.io/hashicorp/google\"]",
      "instances": [
        {
          "schema_version": 0,
          "attributes": {
            "condition": [],
            "etag": "BwYeeWKvMjo=",
            "id": "concert-tracker-277016/roles/viewer/serviceAccount:github-actions-sa@concert-tracker-277016.iam.gserviceaccount.com",
            "member": "serviceAccount:github-actions-sa@concert-tracker-277016.iam.gserviceaccount.com",
            "project": "concert-tracker-277016",
            "role": "roles/viewer"
          },
          "sensitive_attributes": [],
          "private": "bnVsbA==",
          "dependencies": [
            "google_service_account.service_account"
          ]
        }
      ]
    },
    {
      "mode": "managed",
      "type": "google_service_account",
      "name": "service_account",
      "provider": "provider[\"registry.terraform.io/hashicorp/google\"]",
      "instances": [
        {
          "schema_version": 0,
          "attributes": {
            "account_id": "github-actions-sa",
            "create_ignore_already_exists": null,
            "description": "",
            "disabled": false,
            "display_name": "GitHub Actions Service Account",
            "email": "github-actions-sa@concert-tracker-277016.iam.gserviceaccount.com",
            "id": "projects/concert-tracker-277016/serviceAccounts/github-actions-sa@concert-tracker-277016.iam.gserviceaccount.com",
            "member": "serviceAccount:github-actions-sa@concert-tracker-277016.iam.gserviceaccount.com",
            "name": "projects/concert-tracker-277016/serviceAccounts/github-actions-sa@concert-tracker-277016.iam.gserviceaccount.com",
            "project": "concert-tracker-277016",
            "timeouts": null,
            "unique_id": "111244287491019691681"
          },
          "sensitive_attributes": [],
          "private": "eyJlMmJmYjczMC1lY2FhLTExZTYtOGY4OC0zNDM2M2JjN2M0YzAiOnsiY3JlYXRlIjozMDAwMDAwMDAwMDB9fQ=="
        }
      ]
    },
    {
      "mode": "managed",
      "type": "google_service_account_key",
      "name": "sa_key",
      "provider": "provider[\"registry.terraform.io/hashicorp/google\"]",
      "instances": [
        {
          "schema_version": 0,
          "attributes": {
            "id": "projects/concert-tracker-277016/serviceAccounts/github-actions-sa@concert-tracker-277016.iam.gserviceaccount.com/keys/b95679ad6f4436c5126338a6b7f93c525849e9cc",
            "keepers": null,
            "key_algorithm": "KEY_ALG_RSA_2048",
            "name": "projects/concert-tracker-277016/serviceAccounts/github-actions-sa@concert-tracker-277016.iam.gserviceaccount.com/keys/b95679ad6f4436c5126338a6b7f93c525849e9cc",
            "private_key": "ewogICJ0eXBlIjogInNlcnZpY2VfYWNjb3VudCIsCiAgInByb2plY3RfaWQiOiAiY29uY2VydC10cmFja2VyLTI3NzAxNiIsCiAgInByaXZhdGVfa2V5X2lkIjogImI5NTY3OWFkNmY0NDM2YzUxMjYzMzhhNmI3ZjkzYzUyNTg0OWU5Y2MiLAogICJwcml2YXRlX2tleSI6ICItLS0tLUJFR0lOIFBSSVZBVEUgS0VZLS0tLS1cbk1JSUV2Z0lCQURBTkJna3Foa2lHOXcwQkFRRUZBQVNDQktnd2dnU2tBZ0VBQW9JQkFRRGdmMXpibUpjSVBvaTFcblorTGEwdmVxR0srTWpMSEFsUnIwU1F0SUEvWlFJaG1jWlhKMER1MHp1UVhtRWtRMUorYnpEbjdHY0VRbFcwWEJcbnZpMGNQdDQ0VGhIVGNuUnlzVkJHaFkrU1JBY1lLeitKTTZ3M3JaLzhHcGhLTGlsR2k1UkVOMzZQbnI0d2U4QzRcbk52Y3dtKzZTTFhZQ2FnZytRVFdBOWs3YUxkNkF5MFRVODNQd3dObEp1anlYZklER3Z3QUpsV3VFOTNnSDdJQ2lcbkV3d0JvVmdWWXR0dDJGVnhDdnNMaWdwS3FVOUR3LzFBd2VxRkFIVnRpRDgvUks5d0xFRzhGYm4zOWFDUWZEU2JcbmJBU09XbDBQdmxNamxEVi9JamdQVjNSenZNOFBuellyaUhtUUhBbEJZOUNCcnljSkxRczdLbktTN3NVUlN2eHpcblZsZEl1U1NyQWdNQkFBRUNnZ0VBQU5oUE5TbTNNbm9VY2FVRHlaRzV0T2phNEVzM1JXT2ZuUVBFQ0hBR0MvblVcbjRZTWxrY3pzbFBhV3BjTUpMQVMyYmRFWmU3aGpIcHVLcTZ3Q1BNcFB5U1BNd0FyODUrR2E5NzVROHEvOE1ZUnRcbmZNcTJWSTlSWnRXQ3lvOVo2eFlPRWlPb3FrbTRBRFFNWHZwMSs3ZUZNbHBSYzJPS3h4RTFHUU1wcGlYb3R5WUtcbjV4ZXdKcnBJeXhNOGVTdE5ja1BxVmtHbVI1QWlnZktQbXo0TWRqZFlvdXFNK1krR0ZMTGRMTlVjeWRneEE2UDRcbk1vWmxITmVCUWc4YjZhUmcyT1cydHBjSnpuTHBrQ3BRL2Z0RGxjaUZNZVd5N1QrOVFxNEdsYldOWC94NC8rUVdcbndEZDlSdnFVQ2JyYm5OZFc1em0yMHR0TTFJVEVxSWVjb3c1TkowYmlJUUtCZ1FEN2szaFRTYzJvS3VUTGRzMEdcbjZtSU1XSmR1ZUhLbzkwUUVIbEVBcDdQdE9MRTNyRlBnaUIwMS85alVrRmJ1czlxV01rakJvWFJxaGhXL0VhNytcbjdMem9jbEg2WS9uV1VENTJ4U1liNEx1ejFsUTVHYUpMMFZ3R1k2ZEhFdnFsN3BYWWRJS3J5NG42bUVQTjV1OHpcblhyNmRzNmJmMWlRWTJLMCtVWTUyaDFzV2Z3S0JnUURrY2YzODd5V0JXazVNdW9TaHYwWXZ0U2hVV2tYRi9DMFpcbnh6cTlsYUVkeWlva1ZSQ1hSZ3VtNnQvMXhjSkRyVldCaHZDS2k3cExzOTNGK0xMdTEvU1lvSUpNa0hoUmIybzBcbmlJUHY1TnlicFIwamJ2WTZNZmwzSW8wbVB3T1BKdE5zbm82aHNWajFic1NydlF4VFFKK0FUMWVkL3ZBeWZDUWtcbmgrWWFucndUMVFLQmdRQ0lMbWZ3RGY5NWpONlZGUllmTERrdkhiVzdZeEFPVHV0T24ycVJ4RFl0cjRhZThIWG5cbkVVZGV0OFFVTEo0aVVORitoSEhGL3pRWmhjTzN6a2JBVUQ1aVJhQUN2cU83VTJ5OHRqUE8yM1JBQVVGT040WVhcbkxKbDRDL0c5RTVVQ3hZZnZ5QUlFSlFYbjFReS9KTWRQTTNaVHY3QVJjc1hQZlZzcVpOT05iZS9zMlFLQmdDc1pcbjZzN25IQTlzeDJzb29jK1d0QnBhTnJLN21ZQ0NWTXdSVDk3bk5VL1dqZDd2QWNOWTN1ZnVWclViUzh6VERsZnlcbjZyMXBJWXdZOHBYZ2wzb0MyczVWTW1CWnZhbTN1TFVTc0xuNVZ6b3lpKzNjaUs1d01WNHQ4YTJ1by9CRlpneVBcbldkL2VBeWZEYjIzcnJFQ2s1N01neFNvMUtJS044NC9FNkVCTGhMYkZBb0dCQUpMZ2hlTjBTVXFtRGM0MmIwRTNcblY5MmJoL3V6WVF4UGVGMXpmcU9Qd0NORlFUN0ZqaC9vYVVOUnRTU1pqSllHNThYQnpUM3FwNHQyeTdTVldXRUdcbkF4VitWcTFRcW5IYmxFK0NsdmhFZ0ZidXdUeG01RndlWXVySXR4VTJSTy9lanJXRTlyOG0rd3hYQUhnTnBHOXZcbm9LTkZ3c08xOEdpL0xKWkZjV1V1MjR1RVxuLS0tLS1FTkQgUFJJVkFURSBLRVktLS0tLVxuIiwKICAiY2xpZW50X2VtYWlsIjogImdpdGh1Yi1hY3Rpb25zLXNhQGNvbmNlcnQtdHJhY2tlci0yNzcwMTYuaWFtLmdzZXJ2aWNlYWNjb3VudC5jb20iLAogICJjbGllbnRfaWQiOiAiMTExMjQ0Mjg3NDkxMDE5NjkxNjgxIiwKICAiYXV0aF91cmkiOiAiaHR0cHM6Ly9hY2NvdW50cy5nb29nbGUuY29tL28vb2F1dGgyL2F1dGgiLAogICJ0b2tlbl91cmkiOiAiaHR0cHM6Ly9vYXV0aDIuZ29vZ2xlYXBpcy5jb20vdG9rZW4iLAogICJhdXRoX3Byb3ZpZGVyX3g1MDlfY2VydF91cmwiOiAiaHR0cHM6Ly93d3cuZ29vZ2xlYXBpcy5jb20vb2F1dGgyL3YxL2NlcnRzIiwKICAiY2xpZW50X3g1MDlfY2VydF91cmwiOiAiaHR0cHM6Ly93d3cuZ29vZ2xlYXBpcy5jb20vcm9ib3QvdjEvbWV0YWRhdGEveDUwOS9naXRodWItYWN0aW9ucy1zYSU0MGNvbmNlcnQtdHJhY2tlci0yNzcwMTYuaWFtLmdzZXJ2aWNlYWNjb3VudC5jb20iLAogICJ1bml2ZXJzZV9kb21haW4iOiAiZ29vZ2xlYXBpcy5jb20iCn0K",
            "private_key_type": "TYPE_GOOGLE_CREDENTIALS_FILE",
            "public_key": "LS0tLS1CRUdJTiBDRVJUSUZJQ0FURS0tLS0tCk1JSUMvVENDQWVXZ0F3SUJBZ0lKQUliRUFFaG1ra0ozTUEwR0NTcUdTSWIzRFFFQkJRVUFNQ0F4SGpBY0JnTlYKQkFNTUZURXhNVEkwTkRJNE56UTVNVEF4T1RZNU1UWTRNVEFnRncweU5EQTNNekF4TWpFNU1qbGFHQTg1T1RrNQpNVEl6TVRJek5UazFPVm93SURFZU1Cd0dBMVVFQXd3Vk1URXhNalEwTWpnM05Ea3hNREU1TmpreE5qZ3hNSUlCCklqQU5CZ2txaGtpRzl3MEJBUUVGQUFPQ0FROEFNSUlCQ2dLQ0FRRUE0SDljMjVpWENENkl0V2ZpMnRMM3FoaXYKakl5eHdKVWE5RWtMU0FQMlVDSVpuR1Z5ZEE3dE03a0Y1aEpFTlNmbTh3NSt4bkJFSlZ0RndiNHRIRDdlT0U0UgowM0owY3JGUVJvV1Bra1FIR0NzL2lUT3NONjJmL0JxWVNpNHBSb3VVUkRkK2o1NitNSHZBdURiM01KdnVraTEyCkFtb0lQa0UxZ1BaTzJpM2VnTXRFMVBOejhNRFpTYm84bDN5QXhyOEFDWlZyaFBkNEIreUFvaE1NQWFGWUZXTGIKYmRoVmNRcjdDNG9LU3FsUFE4UDlRTUhxaFFCMWJZZy9QMFN2Y0N4QnZCVzU5L1dna0h3MG0yd0VqbHBkRDc1VApJNVExZnlJNEQxZDBjN3pQRDU4Mks0aDVrQndKUVdQUWdhOG5DUzBMT3lweWt1N0ZFVXI4YzFaWFNMa2txd0lECkFRQUJvemd3TmpBTUJnTlZIUk1CQWY4RUFqQUFNQTRHQTFVZER3RUIvd1FFQXdJSGdEQVdCZ05WSFNVQkFmOEUKRERBS0JnZ3JCZ0VGQlFjREFqQU5CZ2txaGtpRzl3MEJBUVVGQUFPQ0FRRUFUbnZyb21Lc3NUY0grbVNDUUJUVQplMnEvNFV1aWpXbFpDK2dFWjRaWUxIYjUvd0dBZE0yWmY3cWRFcGVnRTYxSnRIbE8xMEl3NkRmUnY5UWthd1djCkRONkEvQ28rcnRyb2JibVhIK0xac2E2MDE2OWpZeXRJdThPbC9ZUFVHNFVCUnRLVlRrM0dPdVZuWE9hdDd6OHEKaGVnWVBzUktoV3NjMWJ4eWw1ZXY4UG5ZMUM5UlIxN0ZISlErRS9qbCs4MG0rbVNkTTZkajRGbXZxNy83TXJ6VApKTGEwYy9UbzZldlJmRmdDY0orRGR3b2JEUHpoaXY1ZUU5YU5tTGMvSDE3M0liemprUUVQWW9wV2VKODUvZWZQCkhuM2VNd3BYZ0g2SHBCSkJNY2lzeDZpbjA5YVNoNDZXalRxTE5RL0NVOFZrNDJwbmtLT2pISWsvc1ZwdkpkKzAKVlE9PQotLS0tLUVORCBDRVJUSUZJQ0FURS0tLS0tCg==",
            "public_key_data": null,
            "public_key_type": "TYPE_X509_PEM_FILE",
            "service_account_id": "projects/concert-tracker-277016/serviceAccounts/github-actions-sa@concert-tracker-277016.iam.gserviceaccount.com",
            "valid_after": "2024-07-30T12:19:29Z",
            "valid_before": "9999-12-31T23:59:59Z"
          },
          "sensitive_attributes": [],
          "private": "bnVsbA==",
          "dependencies": [
            "google_service_account.service_account"
          ]
        }
      ]
    },
    {
      "module": "module.api_service",
      "mode": "managed",
      "type": "google_cloud_run_service",
      "name": "service",
      "provider": "provider[\"registry.terraform.io/hashicorp/google\"]",
      "instances": [
        {
          "schema_version": 2,
          "attributes": {
            "autogenerate_revision_name": false,
            "id": "locations/us-central1/namespaces/concert-tracker-277016/services/api",
            "location": "us-central1",
            "metadata": [
              {
                "annotations": {},
                "effective_annotations": {
                  "run.googleapis.com/client-name": "gcloud",
                  "run.googleapis.com/client-version": "485.0.0",
                  "run.googleapis.com/ingress": "all",
                  "run.googleapis.com/ingress-status": "all",
                  "run.googleapis.com/operation-id": "93c87172-f5e4-43d0-9793-6cfaa1387fbe",
                  "serving.knative.dev/creator": "jamie.william.buck@gmail.com",
                  "serving.knative.dev/lastModifier": "github-actions-sa@concert-tracker-277016.iam.gserviceaccount.com"
                },
                "effective_labels": {
                  "cloud.googleapis.com/location": "us-central1"
                },
                "generation": 5,
                "labels": {},
                "namespace": "concert-tracker-277016",
                "resource_version": "AAYee6nPUZI",
                "self_link": "/apis/serving.knative.dev/v1/namespaces/570809723404/services/api",
                "terraform_labels": {},
                "uid": "9ec53783-2285-4cde-a002-8d08e863aa2a"
              }
            ],
            "name": "api",
            "project": "concert-tracker-277016",
            "status": [
              {
                "conditions": [
                  {
                    "message": "Revision 'api-00005-ct9' is not ready and cannot serve traffic. The user-provided container failed to start and listen on the port defined provided by the PORT=4000 environment variable. Logs for this revision might contain more information.\n\nLogs URL: https://console.cloud.google.com/logs/viewer?project=concert-tracker-277016\u0026resource=cloud_run_revision/service_name/api/revision_name/api-00005-ct9\u0026advancedFilter=resource.type%3D%22cloud_run_revision%22%0Aresource.labels.service_name%3D%22api%22%0Aresource.labels.revision_name%3D%22api-00005-ct9%22 \nFor more troubleshooting guidance, see https://cloud.google.com/run/docs/troubleshooting#container-failed-to-start",
                    "reason": "HealthCheckContainerError",
                    "status": "False",
                    "type": "Ready"
                  },
                  {
                    "message": "",
                    "reason": "",
                    "status": "True",
                    "type": "ConfigurationsReady"
                  },
                  {
                    "message": "Revision 'api-00005-ct9' is not ready and cannot serve traffic. The user-provided container failed to start and listen on the port defined provided by the PORT=4000 environment variable. Logs for this revision might contain more information.\n\nLogs URL: https://console.cloud.google.com/logs/viewer?project=concert-tracker-277016\u0026resource=cloud_run_revision/service_name/api/revision_name/api-00005-ct9\u0026advancedFilter=resource.type%3D%22cloud_run_revision%22%0Aresource.labels.service_name%3D%22api%22%0Aresource.labels.revision_name%3D%22api-00005-ct9%22 \nFor more troubleshooting guidance, see https://cloud.google.com/run/docs/troubleshooting#container-failed-to-start",
                    "reason": "HealthCheckContainerError",
                    "status": "False",
                    "type": "RoutesReady"
                  }
                ],
                "latest_created_revision_name": "api-00005-ct9",
                "latest_ready_revision_name": "api-00004-pmz",
                "observed_generation": 5,
                "traffic": [
                  {
                    "latest_revision": true,
                    "percent": 100,
                    "revision_name": "api-00001-n9q",
                    "tag": "",
                    "url": ""
                  }
                ],
                "url": "https://api-zff2abh3ta-uc.a.run.app"
              }
            ],
            "template": [
              {
                "metadata": [
                  {
                    "annotations": {
                      "autoscaling.knative.dev/maxScale": "100",
                      "run.googleapis.com/client-name": "gcloud",
                      "run.googleapis.com/client-version": "485.0.0"
                    },
                    "generation": 0,
                    "labels": {
                      "client.knative.dev/nonce": "lhjreqrjcx",
                      "run.googleapis.com/startupProbeType": "Default"
                    },
                    "name": "",
                    "namespace": "",
                    "resource_version": "",
                    "self_link": "",
                    "uid": ""
                  }
                ],
                "spec": [
                  {
                    "container_concurrency": 80,
                    "containers": [
                      {
                        "args": [],
                        "command": [],
                        "env": [],
                        "env_from": [],
                        "image": "us-central1-docker.pkg.dev/concert-tracker-277016/api-repo/api:3e81a3eeeed9e2af8c01d8d345768602e48e171d",
                        "liveness_probe": [
                          {
                            "failure_threshold": 3,
                            "grpc": [],
                            "http_get": [
                              {
                                "http_headers": [],
                                "path": "/",
                                "port": 0
                              }
                            ],
                            "initial_delay_seconds": 0,
                            "period_seconds": 300,
                            "timeout_seconds": 10
                          }
                        ],
                        "name": "",
                        "ports": [
                          {
                            "container_port": 4000,
                            "name": "http1",
                            "protocol": ""
                          }
                        ],
                        "resources": [
                          {
                            "limits": {
                              "cpu": "1000m",
                              "memory": "512Mi"
                            },
                            "requests": {}
                          }
                        ],
                        "startup_probe": [
                          {
                            "failure_threshold": 3,
                            "grpc": [],
                            "http_get": [
                              {
                                "http_headers": [],
                                "path": "/",
                                "port": 0
                              }
                            ],
                            "initial_delay_seconds": 30,
                            "period_seconds": 30,
                            "tcp_socket": [],
                            "timeout_seconds": 30
                          }
                        ],
                        "volume_mounts": [],
                        "working_dir": ""
                      }
                    ],
                    "service_account_name": "570809723404-compute@developer.gserviceaccount.com",
                    "serving_state": "",
                    "timeout_seconds": 300,
                    "volumes": []
                  }
                ]
              }
            ],
            "timeouts": null,
            "traffic": [
              {
                "latest_revision": true,
                "percent": 100,
                "revision_name": "",
                "tag": "",
                "url": ""
              }
            ]
          },
          "sensitive_attributes": [],
          "private": "eyJlMmJmYjczMC1lY2FhLTExZTYtOGY4OC0zNDM2M2JjN2M0YzAiOnsiY3JlYXRlIjoxMjAwMDAwMDAwMDAwLCJkZWxldGUiOjEyMDAwMDAwMDAwMDAsInVwZGF0ZSI6MTIwMDAwMDAwMDAwMH0sInNjaGVtYV92ZXJzaW9uIjoiMiJ9"
        }
      ]
    },
    {
      "module": "module.api_service",
      "mode": "managed",
      "type": "google_cloud_run_service_iam_member",
      "name": "invoker",
      "provider": "provider[\"registry.terraform.io/hashicorp/google\"]",
      "instances": [
        {
          "schema_version": 0,
          "attributes": {
            "condition": [],
            "etag": "BwYedf0uhvQ=",
            "id": "v1/projects/concert-tracker-277016/locations/us-central1/services/api/roles/run.invoker/allUsers",
            "location": "us-central1",
            "member": "allUsers",
            "project": "concert-tracker-277016",
            "role": "roles/run.invoker",
            "service": "v1/projects/concert-tracker-277016/locations/us-central1/services/api"
          },
          "sensitive_attributes": [],
          "private": "bnVsbA==",
          "dependencies": [
            "module.api_service.google_cloud_run_service.service"
          ]
        }
      ]
    },
    {
      "module": "module.enable_apis",
      "mode": "managed",
      "type": "google_project_service",
      "name": "cloudbuild",
      "provider": "provider[\"registry.terraform.io/hashicorp/google\"]",
      "instances": [
        {
          "schema_version": 0,
          "attributes": {
            "disable_dependent_services": null,
            "disable_on_destroy": true,
            "id": "concert-tracker-277016/cloudbuild.googleapis.com",
            "project": "concert-tracker-277016",
            "service": "cloudbuild.googleapis.com",
            "timeouts": null
          },
          "sensitive_attributes": [],
          "private": "eyJlMmJmYjczMC1lY2FhLTExZTYtOGY4OC0zNDM2M2JjN2M0YzAiOnsiY3JlYXRlIjoxMjAwMDAwMDAwMDAwLCJkZWxldGUiOjEyMDAwMDAwMDAwMDAsInJlYWQiOjYwMDAwMDAwMDAwMCwidXBkYXRlIjoxMjAwMDAwMDAwMDAwfX0="
        }
      ]
    },
    {
      "module": "module.enable_apis",
      "mode": "managed",
      "type": "google_project_service",
      "name": "compute",
      "provider": "provider[\"registry.terraform.io/hashicorp/google\"]",
      "instances": [
        {
          "schema_version": 0,
          "attributes": {
            "disable_dependent_services": null,
            "disable_on_destroy": true,
            "id": "concert-tracker-277016/compute.googleapis.com",
            "project": "concert-tracker-277016",
            "service": "compute.googleapis.com",
            "timeouts": null
          },
          "sensitive_attributes": [],
          "private": "eyJlMmJmYjczMC1lY2FhLTExZTYtOGY4OC0zNDM2M2JjN2M0YzAiOnsiY3JlYXRlIjoxMjAwMDAwMDAwMDAwLCJkZWxldGUiOjEyMDAwMDAwMDAwMDAsInJlYWQiOjYwMDAwMDAwMDAwMCwidXBkYXRlIjoxMjAwMDAwMDAwMDAwfX0="
        }
      ]
    },
    {
      "module": "module.enable_apis",
      "mode": "managed",
      "type": "google_project_service",
      "name": "dns",
      "provider": "provider[\"registry.terraform.io/hashicorp/google\"]",
      "instances": [
        {
          "schema_version": 0,
          "attributes": {
            "disable_dependent_services": null,
            "disable_on_destroy": true,
            "id": "concert-tracker-277016/dns.googleapis.com",
            "project": "concert-tracker-277016",
            "service": "dns.googleapis.com",
            "timeouts": null
          },
          "sensitive_attributes": [],
          "private": "eyJlMmJmYjczMC1lY2FhLTExZTYtOGY4OC0zNDM2M2JjN2M0YzAiOnsiY3JlYXRlIjoxMjAwMDAwMDAwMDAwLCJkZWxldGUiOjEyMDAwMDAwMDAwMDAsInJlYWQiOjYwMDAwMDAwMDAwMCwidXBkYXRlIjoxMjAwMDAwMDAwMDAwfX0="
        }
      ]
    },
    {
      "module": "module.enable_apis",
      "mode": "managed",
      "type": "google_project_service",
      "name": "iap",
      "provider": "provider[\"registry.terraform.io/hashicorp/google\"]",
      "instances": [
        {
          "schema_version": 0,
          "attributes": {
            "disable_dependent_services": null,
            "disable_on_destroy": true,
            "id": "concert-tracker-277016/iap.googleapis.com",
            "project": "concert-tracker-277016",
            "service": "iap.googleapis.com",
            "timeouts": null
          },
          "sensitive_attributes": [],
          "private": "eyJlMmJmYjczMC1lY2FhLTExZTYtOGY4OC0zNDM2M2JjN2M0YzAiOnsiY3JlYXRlIjoxMjAwMDAwMDAwMDAwLCJkZWxldGUiOjEyMDAwMDAwMDAwMDAsInJlYWQiOjYwMDAwMDAwMDAwMCwidXBkYXRlIjoxMjAwMDAwMDAwMDAwfX0="
        }
      ]
    },
    {
      "module": "module.enable_apis",
      "mode": "managed",
      "type": "google_project_service",
      "name": "run",
      "provider": "provider[\"registry.terraform.io/hashicorp/google\"]",
      "instances": [
        {
          "schema_version": 0,
          "attributes": {
            "disable_dependent_services": null,
            "disable_on_destroy": true,
            "id": "concert-tracker-277016/run.googleapis.com",
            "project": "concert-tracker-277016",
            "service": "run.googleapis.com",
            "timeouts": null
          },
          "sensitive_attributes": [],
          "private": "eyJlMmJmYjczMC1lY2FhLTExZTYtOGY4OC0zNDM2M2JjN2M0YzAiOnsiY3JlYXRlIjoxMjAwMDAwMDAwMDAwLCJkZWxldGUiOjEyMDAwMDAwMDAwMDAsInJlYWQiOjYwMDAwMDAwMDAwMCwidXBkYXRlIjoxMjAwMDAwMDAwMDAwfX0="
        }
      ]
    },
    {
      "module": "module.enable_apis",
      "mode": "managed",
      "type": "google_project_service",
      "name": "secret_manager",
      "provider": "provider[\"registry.terraform.io/hashicorp/google\"]",
      "instances": [
        {
          "schema_version": 0,
          "attributes": {
            "disable_dependent_services": null,
            "disable_on_destroy": true,
            "id": "concert-tracker-277016/secretmanager.googleapis.com",
            "project": "concert-tracker-277016",
            "service": "secretmanager.googleapis.com",
            "timeouts": null
          },
          "sensitive_attributes": [],
          "private": "eyJlMmJmYjczMC1lY2FhLTExZTYtOGY4OC0zNDM2M2JjN2M0YzAiOnsiY3JlYXRlIjoxMjAwMDAwMDAwMDAwLCJkZWxldGUiOjEyMDAwMDAwMDAwMDAsInJlYWQiOjYwMDAwMDAwMDAwMCwidXBkYXRlIjoxMjAwMDAwMDAwMDAwfX0="
        }
      ]
    },
    {
      "module": "module.web_service",
      "mode": "managed",
      "type": "google_cloud_run_service",
      "name": "service",
      "provider": "provider[\"registry.terraform.io/hashicorp/google\"]",
      "instances": [
        {
          "schema_version": 2,
          "attributes": {
            "autogenerate_revision_name": false,
            "id": "locations/us-central1/namespaces/concert-tracker-277016/services/web",
            "location": "us-central1",
            "metadata": [
              {
                "annotations": {},
                "effective_annotations": {
                  "run.googleapis.com/ingress": "all",
                  "run.googleapis.com/ingress-status": "all",
                  "run.googleapis.com/operation-id": "a9c465f6-b6bb-4b4a-8737-c695e2024866",
                  "serving.knative.dev/creator": "jamie.william.buck@gmail.com",
                  "serving.knative.dev/lastModifier": "jamie.william.buck@gmail.com"
                },
                "effective_labels": {
                  "cloud.googleapis.com/location": "us-central1"
                },
                "generation": 1,
                "labels": {},
                "namespace": "concert-tracker-277016",
                "resource_version": "AAYedf0DfA8",
                "self_link": "/apis/serving.knative.dev/v1/namespaces/570809723404/services/web",
                "terraform_labels": {},
                "uid": "bedd06b4-cb70-4c65-b6cb-8dbcd3385644"
              }
            ],
            "name": "web",
            "project": "concert-tracker-277016",
            "status": [
              {
                "conditions": [
                  {
                    "message": "",
                    "reason": "",
                    "status": "True",
                    "type": "Ready"
                  },
                  {
                    "message": "",
                    "reason": "",
                    "status": "True",
                    "type": "ConfigurationsReady"
                  },
                  {
                    "message": "",
                    "reason": "",
                    "status": "True",
                    "type": "RoutesReady"
                  }
                ],
                "latest_created_revision_name": "web-00001-4p4",
                "latest_ready_revision_name": "web-00001-4p4",
                "observed_generation": 1,
                "traffic": [
                  {
                    "latest_revision": true,
                    "percent": 100,
                    "revision_name": "web-00001-4p4",
                    "tag": "",
                    "url": ""
                  }
                ],
                "url": "https://web-zff2abh3ta-uc.a.run.app"
              }
            ],
            "template": [
              {
                "metadata": [
                  {
                    "annotations": {
                      "autoscaling.knative.dev/maxScale": "100"
                    },
                    "generation": 0,
                    "labels": {
                      "run.googleapis.com/startupProbeType": "Default"
                    },
                    "name": "",
                    "namespace": "",
                    "resource_version": "",
                    "self_link": "",
                    "uid": ""
                  }
                ],
                "spec": [
                  {
                    "container_concurrency": 80,
                    "containers": [
                      {
                        "args": [],
                        "command": [],
                        "env": [],
                        "env_from": [],
                        "image": "gcr.io/cloudrun/hello",
                        "liveness_probe": [],
                        "name": "",
                        "ports": [
                          {
                            "container_port": 3000,
                            "name": "http1",
                            "protocol": ""
                          }
                        ],
                        "resources": [
                          {
                            "limits": {
                              "cpu": "1000m",
                              "memory": "512Mi"
                            },
                            "requests": {}
                          }
                        ],
                        "startup_probe": [
                          {
                            "failure_threshold": 1,
                            "grpc": [],
                            "http_get": [],
                            "initial_delay_seconds": 0,
                            "period_seconds": 240,
                            "tcp_socket": [
                              {
                                "port": 3000
                              }
                            ],
                            "timeout_seconds": 240
                          }
                        ],
                        "volume_mounts": [],
                        "working_dir": ""
                      }
                    ],
                    "service_account_name": "570809723404-compute@developer.gserviceaccount.com",
                    "serving_state": "",
                    "timeout_seconds": 300,
                    "volumes": []
                  }
                ]
              }
            ],
            "timeouts": null,
            "traffic": [
              {
                "latest_revision": true,
                "percent": 100,
                "revision_name": "",
                "tag": "",
                "url": ""
              }
            ]
          },
          "sensitive_attributes": [],
          "private": "eyJlMmJmYjczMC1lY2FhLTExZTYtOGY4OC0zNDM2M2JjN2M0YzAiOnsiY3JlYXRlIjoxMjAwMDAwMDAwMDAwLCJkZWxldGUiOjEyMDAwMDAwMDAwMDAsInVwZGF0ZSI6MTIwMDAwMDAwMDAwMH0sInNjaGVtYV92ZXJzaW9uIjoiMiJ9"
        }
      ]
    },
    {
      "module": "module.web_service",
      "mode": "managed",
      "type": "google_cloud_run_service_iam_member",
      "name": "invoker",
      "provider": "provider[\"registry.terraform.io/hashicorp/google\"]",
      "instances": [
        {
          "schema_version": 0,
          "attributes": {
            "condition": [],
            "etag": "BwYedf0ubzI=",
            "id": "v1/projects/concert-tracker-277016/locations/us-central1/services/web/roles/run.invoker/allUsers",
            "location": "us-central1",
            "member": "allUsers",
            "project": "concert-tracker-277016",
            "role": "roles/run.invoker",
            "service": "v1/projects/concert-tracker-277016/locations/us-central1/services/web"
          },
          "sensitive_attributes": [],
          "private": "bnVsbA==",
          "dependencies": [
            "module.web_service.google_cloud_run_service.service"
          ]
        }
      ]
    }
  ],
  "check_results": null
}
