{
  "version": 4,
  "terraform_version": "1.3.0",
  "serial": 182,
  "lineage": "203545e5-5d9a-6cc7-d9fc-cef17b8dbd04",
  "outputs": {
    "api_service_url": {
      "value": "https://api-zff2abh3ta-uc.a.run.app",
      "type": "string"
    },
    "name_servers": {
      "value": [
        "ns-cloud-a1.googledomains.com.",
        "ns-cloud-a2.googledomains.com.",
        "ns-cloud-a3.googledomains.com.",
        "ns-cloud-a4.googledomains.com."
      ],
      "type": [
        "list",
        "string"
      ]
    },
    "service_account_key": {
      "value": "ewogICJ0eXBlIjogInNlcnZpY2VfYWNjb3VudCIsCiAgInByb2plY3RfaWQiOiAiY29uY2VydC10cmFja2VyLTI3NzAxNiIsCiAgInByaXZhdGVfa2V5X2lkIjogIjBhODY1YzQwOTI1Y2M0ZjA1NDdkYzM0YjA3MGU1M2E0YWVjNTU1MWIiLAogICJwcml2YXRlX2tleSI6ICItLS0tLUJFR0lOIFBSSVZBVEUgS0VZLS0tLS1cbk1JSUV2QUlCQURBTkJna3Foa2lHOXcwQkFRRUZBQVNDQktZd2dnU2lBZ0VBQW9JQkFRQ1NCdzE2ejRvcGhQZ0pcbm5rSXFiNlMyNzJQVHVmbzg1MTJnbGdVc1NUa0hVWENIaHRNc0ZBbmF6eHoxRmlTa1pRa1IwZnZ6enpiZ2d2UkFcbjZMMEYzNTlRcWdmR3RjOUgwRWdMWVJEUHNTZHhlaThRcDJUWkdMRWNqY0JYU0NRQVNtcmt0c24wSXRaV09nMGRcbjdaSWJJSVhId3lEeGQ1cXEraFlpaUVRZUUxc2xCZWlFdlMzTlNnZ1l4d1FSS1crOUVPazVYcHpmdS9IZFlHeTJcblVmcXQxdkcvQ0ExMVZvOThtL1M2ZFpFS1lSazFWYUNLV0JnNDdDTkZpcFoxbVFGL2pzZ1dpWTBvaTlRdjh0b0hcbkRsMzNJTGdnNzB0OFhCaXQ0NkZEUHl2MDh5SVRqMmhtZVNETXBreHNwS2tPSUlMOUwyMmtpdzk0UjIrayswQU5cblBmMys5RURuQWdNQkFBRUNnZ0VBRDVqaFA3VGJOUVFXMmpBbE1STXJyTDUxRXpCU0loODBTT3E5TXJXL2VhQ2hcblBGaVNSYXIrUW5qTXh3RE9lU0N4ajAyMmM1dzJhRlNVY2pwcHRpN2tmV0VyNDNXWDVqdkE5all2N1g4bWoyQlZcbmxwbktrOFduWlQxZXhmUFdwSkZPU1krY2tvOEdCYis5bHV6QkpsU2E5WE5LR1lDRTdLNDVud2FlLy9kaFROcmpcblg4N2FNWUtrcFVCRHpCbU1TdndDV1o2QmpucklINWFDeE15WE9PWmNWMFMzdTVOZWFsR0IvcTNCdHJ4MVRFZ1ZcbnJVWGdHMkZ3bDI5cytRZC8xYXdNWmxYUEVldG1xU0ZRWURNWFlmTUcxS0JLcGlPRlRranc1ZVhFalRYN2E5Z05cbklCUnVzbDJhYjJIMzhrOFVVV2lxSWplVzEybmtMM2F2WU5JdFZ2YTR3UUtCZ1FESHVaWHgvOUNUN0J6UGRpSElcbitIVVNjRlF0Wno4WkJFWkR3Z2srNFdqTVZORzhsWkk3K3ZtZURCc3R5MkpVQmRJOTVoUEM0SkwvRnJnRXZmZWlcbjFpbDM1SzVzNmxhM1d6R0Zxa01nU0IrNEQzSFpTRVI0ckFPZ2gxZjM1UDcvR3NMcTJVWE9zcmlyTmNRbEpsa3RcblpCazhHUkNvMldnRXhLbXh5VGd4enRVQzFRS0JnUUM3TERTZVlzMHlXWXFSeHJoWnArejZrTlh5OGducTVweEVcbm9LSFNJREd2VFlCZmZlOUM2aFcvSDB0endpSlJBZmZCMHZMTlFPTE1Gajd6dGt2b1JoSndsVC9kaS9Ec0dUZkVcbkVjVFIxVDRlZ2ltQkxwbXhmdDM4R0dlTmV2RXdFaUFoWXdOaVBKWkVsRmE5Rjh2RjdYVW1VbDBhNFkxZHFUWE5cbnhaTXRSNnY2eXdLQmdEdzZYOWhKVDJtOEV2Z1E1S0ZKSTJ5N0NQZGtJaWYySFFaRDFpdnJKNEl1dGN6THdmeHFcbmM2blFkc1c1aGw1V0h3OWhlV1lUK09BSnh0WlBQd1VRMWhKOG1JanBwZHJIR2tqM2ppU0crMkd5N3A4YVp1T0lcbjQ5TWQzVTQ0OVJpU3htS3h3SlpUV05Md2RNVExLcXRBZTBlZk8ySGZwYm1DWUxYbk94WHlERlE5QW9HQU82OHlcbjhEYU5QRHIxUnRyWk9pMmtFWnBSdnZDVFhRWkFXbG5tZi95b0cwQlphUm5kUzdjZFRCNk1qdE1lNGpvQWFSdjlcbk5KbzJOK0g0SFByS1piekNjSWdISDN4YVRNOFZ5ejNuUnduNmp2dnVoRFQ1NlhHTkU3QXNoUjdvL2UwcHRidStcbi9ucFhhSExzM2N0U3ZVQ2xGSjA2OXpGcFJLNkthNTFPK3lkWm5kVUNnWUFKZW1LWmFlZDM5bEQ5SUx6Q0VQdkRcbmxpaDNnbUFRZC9FVDRCejlDSEFtcWhrdjMxNTliRzBLMzcyVE16cUJYRE9wWWx1b1lOeXhhU2RxWGIxZ0x5Mllcbk9JQzlCVzYxRkxKMGNFb0k5T2NJaEdrMVhTNDI1NUdYZGYzSjZWUVZRNnJhOUdoSUlWQ09ic1pCS0FuRW9idlhcbmoyYkFLcC9BUjFlSTM0bVNFRVlEQlE9PVxuLS0tLS1FTkQgUFJJVkFURSBLRVktLS0tLVxuIiwKICAiY2xpZW50X2VtYWlsIjogImdpdGh1Yi1hY3Rpb25zLXNhQGNvbmNlcnQtdHJhY2tlci0yNzcwMTYuaWFtLmdzZXJ2aWNlYWNjb3VudC5jb20iLAogICJjbGllbnRfaWQiOiAiMTA2MjMzODE0NDcyODYzOTkzMjkwIiwKICAiYXV0aF91cmkiOiAiaHR0cHM6Ly9hY2NvdW50cy5nb29nbGUuY29tL28vb2F1dGgyL2F1dGgiLAogICJ0b2tlbl91cmkiOiAiaHR0cHM6Ly9vYXV0aDIuZ29vZ2xlYXBpcy5jb20vdG9rZW4iLAogICJhdXRoX3Byb3ZpZGVyX3g1MDlfY2VydF91cmwiOiAiaHR0cHM6Ly93d3cuZ29vZ2xlYXBpcy5jb20vb2F1dGgyL3YxL2NlcnRzIiwKICAiY2xpZW50X3g1MDlfY2VydF91cmwiOiAiaHR0cHM6Ly93d3cuZ29vZ2xlYXBpcy5jb20vcm9ib3QvdjEvbWV0YWRhdGEveDUwOS9naXRodWItYWN0aW9ucy1zYSU0MGNvbmNlcnQtdHJhY2tlci0yNzcwMTYuaWFtLmdzZXJ2aWNlYWNjb3VudC5jb20iLAogICJ1bml2ZXJzZV9kb21haW4iOiAiZ29vZ2xlYXBpcy5jb20iCn0K",
      "type": "string",
      "sensitive": true
    },
    "service_account_key_json": {
      "value": "{\"auth_provider_x509_cert_url\":\"https://www.googleapis.com/oauth2/v1/certs\",\"auth_uri\":\"https://accounts.google.com/o/oauth2/auth\",\"client_email\":\"github-actions-sa@concert-tracker-277016.iam.gserviceaccount.com\",\"client_id\":\"106233814472863993290\",\"client_x509_cert_url\":\"https://www.googleapis.com/robot/v1/metadata/x509/github-actions-sa@concert-tracker-277016.iam.gserviceaccount.com\",\"private_key\":\"ewogICJ0eXBlIjogInNlcnZpY2VfYWNjb3VudCIsCiAgInByb2plY3RfaWQiOiAiY29uY2VydC10cmFja2VyLTI3NzAxNiIsCiAgInByaXZhdGVfa2V5X2lkIjogIjBhODY1YzQwOTI1Y2M0ZjA1NDdkYzM0YjA3MGU1M2E0YWVjNTU1MWIiLAogICJwcml2YXRlX2tleSI6ICItLS0tLUJFR0lOIFBSSVZBVEUgS0VZLS0tLS1cbk1JSUV2QUlCQURBTkJna3Foa2lHOXcwQkFRRUZBQVNDQktZd2dnU2lBZ0VBQW9JQkFRQ1NCdzE2ejRvcGhQZ0pcbm5rSXFiNlMyNzJQVHVmbzg1MTJnbGdVc1NUa0hVWENIaHRNc0ZBbmF6eHoxRmlTa1pRa1IwZnZ6enpiZ2d2UkFcbjZMMEYzNTlRcWdmR3RjOUgwRWdMWVJEUHNTZHhlaThRcDJUWkdMRWNqY0JYU0NRQVNtcmt0c24wSXRaV09nMGRcbjdaSWJJSVhId3lEeGQ1cXEraFlpaUVRZUUxc2xCZWlFdlMzTlNnZ1l4d1FSS1crOUVPazVYcHpmdS9IZFlHeTJcblVmcXQxdkcvQ0ExMVZvOThtL1M2ZFpFS1lSazFWYUNLV0JnNDdDTkZpcFoxbVFGL2pzZ1dpWTBvaTlRdjh0b0hcbkRsMzNJTGdnNzB0OFhCaXQ0NkZEUHl2MDh5SVRqMmhtZVNETXBreHNwS2tPSUlMOUwyMmtpdzk0UjIrayswQU5cblBmMys5RURuQWdNQkFBRUNnZ0VBRDVqaFA3VGJOUVFXMmpBbE1STXJyTDUxRXpCU0loODBTT3E5TXJXL2VhQ2hcblBGaVNSYXIrUW5qTXh3RE9lU0N4ajAyMmM1dzJhRlNVY2pwcHRpN2tmV0VyNDNXWDVqdkE5all2N1g4bWoyQlZcbmxwbktrOFduWlQxZXhmUFdwSkZPU1krY2tvOEdCYis5bHV6QkpsU2E5WE5LR1lDRTdLNDVud2FlLy9kaFROcmpcblg4N2FNWUtrcFVCRHpCbU1TdndDV1o2QmpucklINWFDeE15WE9PWmNWMFMzdTVOZWFsR0IvcTNCdHJ4MVRFZ1ZcbnJVWGdHMkZ3bDI5cytRZC8xYXdNWmxYUEVldG1xU0ZRWURNWFlmTUcxS0JLcGlPRlRranc1ZVhFalRYN2E5Z05cbklCUnVzbDJhYjJIMzhrOFVVV2lxSWplVzEybmtMM2F2WU5JdFZ2YTR3UUtCZ1FESHVaWHgvOUNUN0J6UGRpSElcbitIVVNjRlF0Wno4WkJFWkR3Z2srNFdqTVZORzhsWkk3K3ZtZURCc3R5MkpVQmRJOTVoUEM0SkwvRnJnRXZmZWlcbjFpbDM1SzVzNmxhM1d6R0Zxa01nU0IrNEQzSFpTRVI0ckFPZ2gxZjM1UDcvR3NMcTJVWE9zcmlyTmNRbEpsa3RcblpCazhHUkNvMldnRXhLbXh5VGd4enRVQzFRS0JnUUM3TERTZVlzMHlXWXFSeHJoWnArejZrTlh5OGducTVweEVcbm9LSFNJREd2VFlCZmZlOUM2aFcvSDB0endpSlJBZmZCMHZMTlFPTE1Gajd6dGt2b1JoSndsVC9kaS9Ec0dUZkVcbkVjVFIxVDRlZ2ltQkxwbXhmdDM4R0dlTmV2RXdFaUFoWXdOaVBKWkVsRmE5Rjh2RjdYVW1VbDBhNFkxZHFUWE5cbnhaTXRSNnY2eXdLQmdEdzZYOWhKVDJtOEV2Z1E1S0ZKSTJ5N0NQZGtJaWYySFFaRDFpdnJKNEl1dGN6THdmeHFcbmM2blFkc1c1aGw1V0h3OWhlV1lUK09BSnh0WlBQd1VRMWhKOG1JanBwZHJIR2tqM2ppU0crMkd5N3A4YVp1T0lcbjQ5TWQzVTQ0OVJpU3htS3h3SlpUV05Md2RNVExLcXRBZTBlZk8ySGZwYm1DWUxYbk94WHlERlE5QW9HQU82OHlcbjhEYU5QRHIxUnRyWk9pMmtFWnBSdnZDVFhRWkFXbG5tZi95b0cwQlphUm5kUzdjZFRCNk1qdE1lNGpvQWFSdjlcbk5KbzJOK0g0SFByS1piekNjSWdISDN4YVRNOFZ5ejNuUnduNmp2dnVoRFQ1NlhHTkU3QXNoUjdvL2UwcHRidStcbi9ucFhhSExzM2N0U3ZVQ2xGSjA2OXpGcFJLNkthNTFPK3lkWm5kVUNnWUFKZW1LWmFlZDM5bEQ5SUx6Q0VQdkRcbmxpaDNnbUFRZC9FVDRCejlDSEFtcWhrdjMxNTliRzBLMzcyVE16cUJYRE9wWWx1b1lOeXhhU2RxWGIxZ0x5Mllcbk9JQzlCVzYxRkxKMGNFb0k5T2NJaEdrMVhTNDI1NUdYZGYzSjZWUVZRNnJhOUdoSUlWQ09ic1pCS0FuRW9idlhcbmoyYkFLcC9BUjFlSTM0bVNFRVlEQlE9PVxuLS0tLS1FTkQgUFJJVkFURSBLRVktLS0tLVxuIiwKICAiY2xpZW50X2VtYWlsIjogImdpdGh1Yi1hY3Rpb25zLXNhQGNvbmNlcnQtdHJhY2tlci0yNzcwMTYuaWFtLmdzZXJ2aWNlYWNjb3VudC5jb20iLAogICJjbGllbnRfaWQiOiAiMTA2MjMzODE0NDcyODYzOTkzMjkwIiwKICAiYXV0aF91cmkiOiAiaHR0cHM6Ly9hY2NvdW50cy5nb29nbGUuY29tL28vb2F1dGgyL2F1dGgiLAogICJ0b2tlbl91cmkiOiAiaHR0cHM6Ly9vYXV0aDIuZ29vZ2xlYXBpcy5jb20vdG9rZW4iLAogICJhdXRoX3Byb3ZpZGVyX3g1MDlfY2VydF91cmwiOiAiaHR0cHM6Ly93d3cuZ29vZ2xlYXBpcy5jb20vb2F1dGgyL3YxL2NlcnRzIiwKICAiY2xpZW50X3g1MDlfY2VydF91cmwiOiAiaHR0cHM6Ly93d3cuZ29vZ2xlYXBpcy5jb20vcm9ib3QvdjEvbWV0YWRhdGEveDUwOS9naXRodWItYWN0aW9ucy1zYSU0MGNvbmNlcnQtdHJhY2tlci0yNzcwMTYuaWFtLmdzZXJ2aWNlYWNjb3VudC5jb20iLAogICJ1bml2ZXJzZV9kb21haW4iOiAiZ29vZ2xlYXBpcy5jb20iCn0K\",\"private_key_id\":\"projects/concert-tracker-277016/serviceAccounts/github-actions-sa@concert-tracker-277016.iam.gserviceaccount.com/keys/0a865c40925cc4f0547dc34b070e53a4aec5551b\",\"project_id\":\"concert-tracker-277016\",\"token_uri\":\"https://oauth2.googleapis.com/token\",\"type\":\"service_account\"}",
      "type": "string",
      "sensitive": true
    },
    "service_account_private_key": {
      "value": "ewogICJ0eXBlIjogInNlcnZpY2VfYWNjb3VudCIsCiAgInByb2plY3RfaWQiOiAiY29uY2VydC10cmFja2VyLTI3NzAxNiIsCiAgInByaXZhdGVfa2V5X2lkIjogIjBhODY1YzQwOTI1Y2M0ZjA1NDdkYzM0YjA3MGU1M2E0YWVjNTU1MWIiLAogICJwcml2YXRlX2tleSI6ICItLS0tLUJFR0lOIFBSSVZBVEUgS0VZLS0tLS1cbk1JSUV2QUlCQURBTkJna3Foa2lHOXcwQkFRRUZBQVNDQktZd2dnU2lBZ0VBQW9JQkFRQ1NCdzE2ejRvcGhQZ0pcbm5rSXFiNlMyNzJQVHVmbzg1MTJnbGdVc1NUa0hVWENIaHRNc0ZBbmF6eHoxRmlTa1pRa1IwZnZ6enpiZ2d2UkFcbjZMMEYzNTlRcWdmR3RjOUgwRWdMWVJEUHNTZHhlaThRcDJUWkdMRWNqY0JYU0NRQVNtcmt0c24wSXRaV09nMGRcbjdaSWJJSVhId3lEeGQ1cXEraFlpaUVRZUUxc2xCZWlFdlMzTlNnZ1l4d1FSS1crOUVPazVYcHpmdS9IZFlHeTJcblVmcXQxdkcvQ0ExMVZvOThtL1M2ZFpFS1lSazFWYUNLV0JnNDdDTkZpcFoxbVFGL2pzZ1dpWTBvaTlRdjh0b0hcbkRsMzNJTGdnNzB0OFhCaXQ0NkZEUHl2MDh5SVRqMmhtZVNETXBreHNwS2tPSUlMOUwyMmtpdzk0UjIrayswQU5cblBmMys5RURuQWdNQkFBRUNnZ0VBRDVqaFA3VGJOUVFXMmpBbE1STXJyTDUxRXpCU0loODBTT3E5TXJXL2VhQ2hcblBGaVNSYXIrUW5qTXh3RE9lU0N4ajAyMmM1dzJhRlNVY2pwcHRpN2tmV0VyNDNXWDVqdkE5all2N1g4bWoyQlZcbmxwbktrOFduWlQxZXhmUFdwSkZPU1krY2tvOEdCYis5bHV6QkpsU2E5WE5LR1lDRTdLNDVud2FlLy9kaFROcmpcblg4N2FNWUtrcFVCRHpCbU1TdndDV1o2QmpucklINWFDeE15WE9PWmNWMFMzdTVOZWFsR0IvcTNCdHJ4MVRFZ1ZcbnJVWGdHMkZ3bDI5cytRZC8xYXdNWmxYUEVldG1xU0ZRWURNWFlmTUcxS0JLcGlPRlRranc1ZVhFalRYN2E5Z05cbklCUnVzbDJhYjJIMzhrOFVVV2lxSWplVzEybmtMM2F2WU5JdFZ2YTR3UUtCZ1FESHVaWHgvOUNUN0J6UGRpSElcbitIVVNjRlF0Wno4WkJFWkR3Z2srNFdqTVZORzhsWkk3K3ZtZURCc3R5MkpVQmRJOTVoUEM0SkwvRnJnRXZmZWlcbjFpbDM1SzVzNmxhM1d6R0Zxa01nU0IrNEQzSFpTRVI0ckFPZ2gxZjM1UDcvR3NMcTJVWE9zcmlyTmNRbEpsa3RcblpCazhHUkNvMldnRXhLbXh5VGd4enRVQzFRS0JnUUM3TERTZVlzMHlXWXFSeHJoWnArejZrTlh5OGducTVweEVcbm9LSFNJREd2VFlCZmZlOUM2aFcvSDB0endpSlJBZmZCMHZMTlFPTE1Gajd6dGt2b1JoSndsVC9kaS9Ec0dUZkVcbkVjVFIxVDRlZ2ltQkxwbXhmdDM4R0dlTmV2RXdFaUFoWXdOaVBKWkVsRmE5Rjh2RjdYVW1VbDBhNFkxZHFUWE5cbnhaTXRSNnY2eXdLQmdEdzZYOWhKVDJtOEV2Z1E1S0ZKSTJ5N0NQZGtJaWYySFFaRDFpdnJKNEl1dGN6THdmeHFcbmM2blFkc1c1aGw1V0h3OWhlV1lUK09BSnh0WlBQd1VRMWhKOG1JanBwZHJIR2tqM2ppU0crMkd5N3A4YVp1T0lcbjQ5TWQzVTQ0OVJpU3htS3h3SlpUV05Md2RNVExLcXRBZTBlZk8ySGZwYm1DWUxYbk94WHlERlE5QW9HQU82OHlcbjhEYU5QRHIxUnRyWk9pMmtFWnBSdnZDVFhRWkFXbG5tZi95b0cwQlphUm5kUzdjZFRCNk1qdE1lNGpvQWFSdjlcbk5KbzJOK0g0SFByS1piekNjSWdISDN4YVRNOFZ5ejNuUnduNmp2dnVoRFQ1NlhHTkU3QXNoUjdvL2UwcHRidStcbi9ucFhhSExzM2N0U3ZVQ2xGSjA2OXpGcFJLNkthNTFPK3lkWm5kVUNnWUFKZW1LWmFlZDM5bEQ5SUx6Q0VQdkRcbmxpaDNnbUFRZC9FVDRCejlDSEFtcWhrdjMxNTliRzBLMzcyVE16cUJYRE9wWWx1b1lOeXhhU2RxWGIxZ0x5Mllcbk9JQzlCVzYxRkxKMGNFb0k5T2NJaEdrMVhTNDI1NUdYZGYzSjZWUVZRNnJhOUdoSUlWQ09ic1pCS0FuRW9idlhcbmoyYkFLcC9BUjFlSTM0bVNFRVlEQlE9PVxuLS0tLS1FTkQgUFJJVkFURSBLRVktLS0tLVxuIiwKICAiY2xpZW50X2VtYWlsIjogImdpdGh1Yi1hY3Rpb25zLXNhQGNvbmNlcnQtdHJhY2tlci0yNzcwMTYuaWFtLmdzZXJ2aWNlYWNjb3VudC5jb20iLAogICJjbGllbnRfaWQiOiAiMTA2MjMzODE0NDcyODYzOTkzMjkwIiwKICAiYXV0aF91cmkiOiAiaHR0cHM6Ly9hY2NvdW50cy5nb29nbGUuY29tL28vb2F1dGgyL2F1dGgiLAogICJ0b2tlbl91cmkiOiAiaHR0cHM6Ly9vYXV0aDIuZ29vZ2xlYXBpcy5jb20vdG9rZW4iLAogICJhdXRoX3Byb3ZpZGVyX3g1MDlfY2VydF91cmwiOiAiaHR0cHM6Ly93d3cuZ29vZ2xlYXBpcy5jb20vb2F1dGgyL3YxL2NlcnRzIiwKICAiY2xpZW50X3g1MDlfY2VydF91cmwiOiAiaHR0cHM6Ly93d3cuZ29vZ2xlYXBpcy5jb20vcm9ib3QvdjEvbWV0YWRhdGEveDUwOS9naXRodWItYWN0aW9ucy1zYSU0MGNvbmNlcnQtdHJhY2tlci0yNzcwMTYuaWFtLmdzZXJ2aWNlYWNjb3VudC5jb20iLAogICJ1bml2ZXJzZV9kb21haW4iOiAiZ29vZ2xlYXBpcy5jb20iCn0K",
      "type": "string",
      "sensitive": true
    },
    "web_service_url": {
      "value": "https://web-zff2abh3ta-uc.a.run.app",
      "type": "string"
    }
  },
  "resources": [
    {
      "mode": "managed",
      "type": "google_artifact_registry_repository",
      "name": "api_registry",
      "provider": "provider[\"registry.terraform.io/hashicorp/google-beta\"]",
      "instances": [
        {
          "schema_version": 0,
          "attributes": {
            "cleanup_policies": [],
            "cleanup_policy_dry_run": false,
            "create_time": "2024-07-30T16:13:18.794637Z",
            "description": "Deployments repository for api images",
            "docker_config": [],
            "effective_labels": {},
            "format": "DOCKER",
            "id": "projects/concert-tracker-277016/locations/us-central1/repositories/api-repo",
            "kms_key_name": "",
            "labels": {},
            "location": "us-central1",
            "maven_config": [],
            "mode": "STANDARD_REPOSITORY",
            "name": "api-repo",
            "project": "concert-tracker-277016",
            "remote_repository_config": [],
            "repository_id": "api-repo",
            "terraform_labels": {},
            "timeouts": null,
            "update_time": "2024-08-13T00:30:47.668998Z",
            "virtual_repository_config": []
          },
          "sensitive_attributes": [],
          "private": "eyJlMmJmYjczMC1lY2FhLTExZTYtOGY4OC0zNDM2M2JjN2M0YzAiOnsiY3JlYXRlIjoxMjAwMDAwMDAwMDAwLCJkZWxldGUiOjEyMDAwMDAwMDAwMDAsInVwZGF0ZSI6MTIwMDAwMDAwMDAwMH0sInNjaGVtYV92ZXJzaW9uIjoiMCJ9"
        }
      ]
    },
    {
      "mode": "managed",
      "type": "google_artifact_registry_repository",
      "name": "web_registry",
      "provider": "provider[\"registry.terraform.io/hashicorp/google-beta\"]",
      "instances": [
        {
          "schema_version": 0,
          "attributes": {
            "cleanup_policies": [],
            "cleanup_policy_dry_run": false,
            "create_time": "2024-07-30T16:13:18.531692Z",
            "description": "Deployments repository for web images",
            "docker_config": [],
            "effective_labels": {},
            "format": "DOCKER",
            "id": "projects/concert-tracker-277016/locations/us-central1/repositories/web-repo",
            "kms_key_name": "",
            "labels": {},
            "location": "us-central1",
            "maven_config": [],
            "mode": "STANDARD_REPOSITORY",
            "name": "web-repo",
            "project": "concert-tracker-277016",
            "remote_repository_config": [],
            "repository_id": "web-repo",
            "terraform_labels": {},
            "timeouts": null,
            "update_time": "2024-08-13T00:31:45.555439Z",
            "virtual_repository_config": []
          },
          "sensitive_attributes": [],
          "private": "eyJlMmJmYjczMC1lY2FhLTExZTYtOGY4OC0zNDM2M2JjN2M0YzAiOnsiY3JlYXRlIjoxMjAwMDAwMDAwMDAwLCJkZWxldGUiOjEyMDAwMDAwMDAwMDAsInVwZGF0ZSI6MTIwMDAwMDAwMDAwMH0sInNjaGVtYV92ZXJzaW9uIjoiMCJ9"
        }
      ]
    },
    {
      "mode": "managed",
      "type": "google_dns_managed_zone",
      "name": "wento_me_zone",
      "provider": "provider[\"registry.terraform.io/hashicorp/google\"]",
      "instances": [
        {
          "schema_version": 0,
          "attributes": {
            "cloud_logging_config": [
              {
                "enable_logging": false
              }
            ],
            "creation_time": "2024-08-13T00:58:37.051Z",
            "description": "Managed by Terraform",
            "dns_name": "wento.me.",
            "dnssec_config": [],
            "effective_labels": {},
            "force_destroy": false,
            "forwarding_config": [],
            "id": "projects/concert-tracker-277016/managedZones/wento-me-zone",
            "labels": {},
            "managed_zone_id": 2417895915654601120,
            "name": "wento-me-zone",
            "name_servers": [
              "ns-cloud-a1.googledomains.com.",
              "ns-cloud-a2.googledomains.com.",
              "ns-cloud-a3.googledomains.com.",
              "ns-cloud-a4.googledomains.com."
            ],
            "peering_config": [],
            "private_visibility_config": [],
            "project": "concert-tracker-277016",
            "terraform_labels": {},
            "timeouts": null,
            "visibility": "public"
          },
          "sensitive_attributes": [],
          "private": "eyJlMmJmYjczMC1lY2FhLTExZTYtOGY4OC0zNDM2M2JjN2M0YzAiOnsiY3JlYXRlIjoxMjAwMDAwMDAwMDAwLCJkZWxldGUiOjEyMDAwMDAwMDAwMDAsInVwZGF0ZSI6MTIwMDAwMDAwMDAwMH0sInNjaGVtYV92ZXJzaW9uIjoiMCJ9"
        }
      ]
    },
    {
      "mode": "managed",
      "type": "google_dns_record_set",
      "name": "api_wento_me",
      "provider": "provider[\"registry.terraform.io/hashicorp/google\"]",
      "instances": [
        {
          "schema_version": 0,
          "attributes": {
            "id": "projects/concert-tracker-277016/managedZones/wento-me-zone/rrsets/api.wento.me./CNAME",
            "managed_zone": "wento-me-zone",
            "name": "api.wento.me.",
            "project": "concert-tracker-277016",
            "routing_policy": [],
            "rrdatas": [
              "ghs.googlehosted.com."
            ],
            "ttl": 300,
            "type": "CNAME"
          },
          "sensitive_attributes": [],
          "private": "bnVsbA==",
          "dependencies": [
            "google_dns_managed_zone.wento_me_zone"
          ]
        }
      ]
    },
    {
      "mode": "managed",
      "type": "google_dns_record_set",
      "name": "wento_me_root",
      "provider": "provider[\"registry.terraform.io/hashicorp/google\"]",
      "instances": [
        {
          "schema_version": 0,
          "attributes": {
            "id": "projects/concert-tracker-277016/managedZones/wento-me-zone/rrsets/wento.me./A",
            "managed_zone": "wento-me-zone",
            "name": "wento.me.",
            "project": "concert-tracker-277016",
            "routing_policy": [],
            "rrdatas": [
              "216.239.32.21",
              "216.239.34.21",
              "216.239.36.21",
              "216.239.38.21"
            ],
            "ttl": 300,
            "type": "A"
          },
          "sensitive_attributes": [],
          "private": "bnVsbA==",
          "dependencies": [
            "google_dns_managed_zone.wento_me_zone"
          ]
        }
      ]
    },
    {
      "mode": "managed",
      "type": "google_dns_record_set",
      "name": "www_wento_me",
      "provider": "provider[\"registry.terraform.io/hashicorp/google\"]",
      "instances": [
        {
          "schema_version": 0,
          "attributes": {
            "id": "projects/concert-tracker-277016/managedZones/wento-me-zone/rrsets/www.wento.me./CNAME",
            "managed_zone": "wento-me-zone",
            "name": "www.wento.me.",
            "project": "concert-tracker-277016",
            "routing_policy": [],
            "rrdatas": [
              "ghs.googlehosted.com."
            ],
            "ttl": 300,
            "type": "CNAME"
          },
          "sensitive_attributes": [],
          "private": "bnVsbA==",
          "dependencies": [
            "google_dns_managed_zone.wento_me_zone"
          ]
        }
      ]
    },
    {
      "mode": "managed",
      "type": "google_project_iam_member",
      "name": "allrun",
      "provider": "provider[\"registry.terraform.io/hashicorp/google\"]",
      "instances": [
        {
          "index_key": "roles/run.invoker",
          "schema_version": 0,
          "attributes": {
            "condition": [],
            "etag": "BwYfou0rhYo=",
            "id": "concert-tracker-277016/roles/run.invoker/serviceAccount:ct-cloud-run-sa@concert-tracker-277016.iam.gserviceaccount.com",
            "member": "serviceAccount:ct-cloud-run-sa@concert-tracker-277016.iam.gserviceaccount.com",
            "project": "concert-tracker-277016",
            "role": "roles/run.invoker"
          },
          "sensitive_attributes": [],
          "private": "bnVsbA==",
          "dependencies": [
            "google_service_account.cloud_run_service_account"
          ]
        },
        {
          "index_key": "roles/secretmanager.secretAccessor",
          "schema_version": 0,
          "attributes": {
            "condition": [],
            "etag": "BwYfou0rhYo=",
            "id": "concert-tracker-277016/roles/secretmanager.secretAccessor/serviceAccount:ct-cloud-run-sa@concert-tracker-277016.iam.gserviceaccount.com",
            "member": "serviceAccount:ct-cloud-run-sa@concert-tracker-277016.iam.gserviceaccount.com",
            "project": "concert-tracker-277016",
            "role": "roles/secretmanager.secretAccessor"
          },
          "sensitive_attributes": [],
          "private": "bnVsbA==",
          "dependencies": [
            "google_service_account.cloud_run_service_account"
          ]
        }
      ]
    },
    {
      "mode": "managed",
      "type": "google_project_iam_member",
      "name": "artifact_registry_reader",
      "provider": "provider[\"registry.terraform.io/hashicorp/google\"]",
      "instances": [
        {
          "schema_version": 0,
          "attributes": {
            "condition": [],
            "etag": "BwYfou0rhYo=",
            "id": "concert-tracker-277016/roles/artifactregistry.reader/serviceAccount:github-actions-sa@concert-tracker-277016.iam.gserviceaccount.com",
            "member": "serviceAccount:github-actions-sa@concert-tracker-277016.iam.gserviceaccount.com",
            "project": "concert-tracker-277016",
            "role": "roles/artifactregistry.reader"
          },
          "sensitive_attributes": [],
          "private": "bnVsbA==",
          "dependencies": [
            "google_service_account.service_account"
          ]
        }
      ]
    },
    {
      "mode": "managed",
      "type": "google_project_iam_member",
      "name": "artifact_registry_writer",
      "provider": "provider[\"registry.terraform.io/hashicorp/google\"]",
      "instances": [
        {
          "schema_version": 0,
          "attributes": {
            "condition": [],
            "etag": "BwYfou0rhYo=",
            "id": "concert-tracker-277016/roles/artifactregistry.writer/serviceAccount:github-actions-sa@concert-tracker-277016.iam.gserviceaccount.com",
            "member": "serviceAccount:github-actions-sa@concert-tracker-277016.iam.gserviceaccount.com",
            "project": "concert-tracker-277016",
            "role": "roles/artifactregistry.writer"
          },
          "sensitive_attributes": [],
          "private": "bnVsbA==",
          "dependencies": [
            "google_service_account.service_account"
          ]
        }
      ]
    },
    {
      "mode": "managed",
      "type": "google_project_iam_member",
      "name": "cloud_build_service_account",
      "provider": "provider[\"registry.terraform.io/hashicorp/google\"]",
      "instances": [
        {
          "schema_version": 0,
          "attributes": {
            "condition": [],
            "etag": "BwYfou0rhYo=",
            "id": "concert-tracker-277016/roles/cloudbuild.builds.editor/serviceAccount:github-actions-sa@concert-tracker-277016.iam.gserviceaccount.com",
            "member": "serviceAccount:github-actions-sa@concert-tracker-277016.iam.gserviceaccount.com",
            "project": "concert-tracker-277016",
            "role": "roles/cloudbuild.builds.editor"
          },
          "sensitive_attributes": [],
          "private": "bnVsbA==",
          "dependencies": [
            "google_service_account.service_account"
          ]
        }
      ]
    },
    {
      "mode": "managed",
      "type": "google_project_iam_member",
      "name": "cloud_run_admin",
      "provider": "provider[\"registry.terraform.io/hashicorp/google\"]",
      "instances": [
        {
          "schema_version": 0,
          "attributes": {
            "condition": [],
            "etag": "BwYfou0rhYo=",
            "id": "concert-tracker-277016/roles/run.admin/serviceAccount:github-actions-sa@concert-tracker-277016.iam.gserviceaccount.com",
            "member": "serviceAccount:github-actions-sa@concert-tracker-277016.iam.gserviceaccount.com",
            "project": "concert-tracker-277016",
            "role": "roles/run.admin"
          },
          "sensitive_attributes": [],
          "private": "bnVsbA==",
          "dependencies": [
            "google_service_account.service_account"
          ]
        }
      ]
    },
    {
      "mode": "managed",
      "type": "google_project_iam_member",
      "name": "service_account_user",
      "provider": "provider[\"registry.terraform.io/hashicorp/google\"]",
      "instances": [
        {
          "schema_version": 0,
          "attributes": {
            "condition": [],
            "etag": "BwYfou0rhYo=",
            "id": "concert-tracker-277016/roles/iam.serviceAccountUser/serviceAccount:github-actions-sa@concert-tracker-277016.iam.gserviceaccount.com",
            "member": "serviceAccount:github-actions-sa@concert-tracker-277016.iam.gserviceaccount.com",
            "project": "concert-tracker-277016",
            "role": "roles/iam.serviceAccountUser"
          },
          "sensitive_attributes": [],
          "private": "bnVsbA==",
          "dependencies": [
            "google_service_account.service_account"
          ]
        }
      ]
    },
    {
      "mode": "managed",
      "type": "google_project_iam_member",
      "name": "storage_admin",
      "provider": "provider[\"registry.terraform.io/hashicorp/google\"]",
      "instances": [
        {
          "schema_version": 0,
          "attributes": {
            "condition": [],
            "etag": "BwYfou0rhYo=",
            "id": "concert-tracker-277016/roles/storage.admin/serviceAccount:github-actions-sa@concert-tracker-277016.iam.gserviceaccount.com",
            "member": "serviceAccount:github-actions-sa@concert-tracker-277016.iam.gserviceaccount.com",
            "project": "concert-tracker-277016",
            "role": "roles/storage.admin"
          },
          "sensitive_attributes": [],
          "private": "bnVsbA==",
          "dependencies": [
            "google_service_account.service_account"
          ]
        }
      ]
    },
    {
      "mode": "managed",
      "type": "google_project_iam_member",
      "name": "viewer",
      "provider": "provider[\"registry.terraform.io/hashicorp/google\"]",
      "instances": [
        {
          "schema_version": 0,
          "attributes": {
            "condition": [],
            "etag": "BwYfou0rhYo=",
            "id": "concert-tracker-277016/roles/viewer/serviceAccount:github-actions-sa@concert-tracker-277016.iam.gserviceaccount.com",
            "member": "serviceAccount:github-actions-sa@concert-tracker-277016.iam.gserviceaccount.com",
            "project": "concert-tracker-277016",
            "role": "roles/viewer"
          },
          "sensitive_attributes": [],
          "private": "bnVsbA==",
          "dependencies": [
            "google_service_account.service_account"
          ]
        }
      ]
    },
    {
      "mode": "managed",
      "type": "google_service_account",
      "name": "cloud_run_service_account",
      "provider": "provider[\"registry.terraform.io/hashicorp/google\"]",
      "instances": [
        {
          "schema_version": 0,
          "attributes": {
            "account_id": "ct-cloud-run-sa",
            "create_ignore_already_exists": null,
            "description": "",
            "disabled": false,
            "display_name": "Cloud Run Service Account",
            "email": "ct-cloud-run-sa@concert-tracker-277016.iam.gserviceaccount.com",
            "id": "projects/concert-tracker-277016/serviceAccounts/ct-cloud-run-sa@concert-tracker-277016.iam.gserviceaccount.com",
            "member": "serviceAccount:ct-cloud-run-sa@concert-tracker-277016.iam.gserviceaccount.com",
            "name": "projects/concert-tracker-277016/serviceAccounts/ct-cloud-run-sa@concert-tracker-277016.iam.gserviceaccount.com",
            "project": "concert-tracker-277016",
            "timeouts": null,
            "unique_id": "103785304938880836367"
          },
          "sensitive_attributes": [],
          "private": "eyJlMmJmYjczMC1lY2FhLTExZTYtOGY4OC0zNDM2M2JjN2M0YzAiOnsiY3JlYXRlIjozMDAwMDAwMDAwMDB9fQ=="
        }
      ]
    },
    {
      "mode": "managed",
      "type": "google_service_account",
      "name": "service_account",
      "provider": "provider[\"registry.terraform.io/hashicorp/google\"]",
      "instances": [
        {
          "schema_version": 0,
          "attributes": {
            "account_id": "github-actions-sa",
            "create_ignore_already_exists": null,
            "description": "",
            "disabled": false,
            "display_name": "GitHub Actions Service Account",
            "email": "github-actions-sa@concert-tracker-277016.iam.gserviceaccount.com",
            "id": "projects/concert-tracker-277016/serviceAccounts/github-actions-sa@concert-tracker-277016.iam.gserviceaccount.com",
            "member": "serviceAccount:github-actions-sa@concert-tracker-277016.iam.gserviceaccount.com",
            "name": "projects/concert-tracker-277016/serviceAccounts/github-actions-sa@concert-tracker-277016.iam.gserviceaccount.com",
            "project": "concert-tracker-277016",
            "timeouts": null,
            "unique_id": "106233814472863993290"
          },
          "sensitive_attributes": [],
          "private": "eyJlMmJmYjczMC1lY2FhLTExZTYtOGY4OC0zNDM2M2JjN2M0YzAiOnsiY3JlYXRlIjozMDAwMDAwMDAwMDB9fQ=="
        }
      ]
    },
    {
      "mode": "managed",
      "type": "google_service_account_key",
      "name": "sa_key",
      "provider": "provider[\"registry.terraform.io/hashicorp/google\"]",
      "instances": [
        {
          "schema_version": 0,
          "attributes": {
            "id": "projects/concert-tracker-277016/serviceAccounts/github-actions-sa@concert-tracker-277016.iam.gserviceaccount.com/keys/0a865c40925cc4f0547dc34b070e53a4aec5551b",
            "keepers": null,
            "key_algorithm": "KEY_ALG_RSA_2048",
            "name": "projects/concert-tracker-277016/serviceAccounts/github-actions-sa@concert-tracker-277016.iam.gserviceaccount.com/keys/0a865c40925cc4f0547dc34b070e53a4aec5551b",
            "private_key": "ewogICJ0eXBlIjogInNlcnZpY2VfYWNjb3VudCIsCiAgInByb2plY3RfaWQiOiAiY29uY2VydC10cmFja2VyLTI3NzAxNiIsCiAgInByaXZhdGVfa2V5X2lkIjogIjBhODY1YzQwOTI1Y2M0ZjA1NDdkYzM0YjA3MGU1M2E0YWVjNTU1MWIiLAogICJwcml2YXRlX2tleSI6ICItLS0tLUJFR0lOIFBSSVZBVEUgS0VZLS0tLS1cbk1JSUV2QUlCQURBTkJna3Foa2lHOXcwQkFRRUZBQVNDQktZd2dnU2lBZ0VBQW9JQkFRQ1NCdzE2ejRvcGhQZ0pcbm5rSXFiNlMyNzJQVHVmbzg1MTJnbGdVc1NUa0hVWENIaHRNc0ZBbmF6eHoxRmlTa1pRa1IwZnZ6enpiZ2d2UkFcbjZMMEYzNTlRcWdmR3RjOUgwRWdMWVJEUHNTZHhlaThRcDJUWkdMRWNqY0JYU0NRQVNtcmt0c24wSXRaV09nMGRcbjdaSWJJSVhId3lEeGQ1cXEraFlpaUVRZUUxc2xCZWlFdlMzTlNnZ1l4d1FSS1crOUVPazVYcHpmdS9IZFlHeTJcblVmcXQxdkcvQ0ExMVZvOThtL1M2ZFpFS1lSazFWYUNLV0JnNDdDTkZpcFoxbVFGL2pzZ1dpWTBvaTlRdjh0b0hcbkRsMzNJTGdnNzB0OFhCaXQ0NkZEUHl2MDh5SVRqMmhtZVNETXBreHNwS2tPSUlMOUwyMmtpdzk0UjIrayswQU5cblBmMys5RURuQWdNQkFBRUNnZ0VBRDVqaFA3VGJOUVFXMmpBbE1STXJyTDUxRXpCU0loODBTT3E5TXJXL2VhQ2hcblBGaVNSYXIrUW5qTXh3RE9lU0N4ajAyMmM1dzJhRlNVY2pwcHRpN2tmV0VyNDNXWDVqdkE5all2N1g4bWoyQlZcbmxwbktrOFduWlQxZXhmUFdwSkZPU1krY2tvOEdCYis5bHV6QkpsU2E5WE5LR1lDRTdLNDVud2FlLy9kaFROcmpcblg4N2FNWUtrcFVCRHpCbU1TdndDV1o2QmpucklINWFDeE15WE9PWmNWMFMzdTVOZWFsR0IvcTNCdHJ4MVRFZ1ZcbnJVWGdHMkZ3bDI5cytRZC8xYXdNWmxYUEVldG1xU0ZRWURNWFlmTUcxS0JLcGlPRlRranc1ZVhFalRYN2E5Z05cbklCUnVzbDJhYjJIMzhrOFVVV2lxSWplVzEybmtMM2F2WU5JdFZ2YTR3UUtCZ1FESHVaWHgvOUNUN0J6UGRpSElcbitIVVNjRlF0Wno4WkJFWkR3Z2srNFdqTVZORzhsWkk3K3ZtZURCc3R5MkpVQmRJOTVoUEM0SkwvRnJnRXZmZWlcbjFpbDM1SzVzNmxhM1d6R0Zxa01nU0IrNEQzSFpTRVI0ckFPZ2gxZjM1UDcvR3NMcTJVWE9zcmlyTmNRbEpsa3RcblpCazhHUkNvMldnRXhLbXh5VGd4enRVQzFRS0JnUUM3TERTZVlzMHlXWXFSeHJoWnArejZrTlh5OGducTVweEVcbm9LSFNJREd2VFlCZmZlOUM2aFcvSDB0endpSlJBZmZCMHZMTlFPTE1Gajd6dGt2b1JoSndsVC9kaS9Ec0dUZkVcbkVjVFIxVDRlZ2ltQkxwbXhmdDM4R0dlTmV2RXdFaUFoWXdOaVBKWkVsRmE5Rjh2RjdYVW1VbDBhNFkxZHFUWE5cbnhaTXRSNnY2eXdLQmdEdzZYOWhKVDJtOEV2Z1E1S0ZKSTJ5N0NQZGtJaWYySFFaRDFpdnJKNEl1dGN6THdmeHFcbmM2blFkc1c1aGw1V0h3OWhlV1lUK09BSnh0WlBQd1VRMWhKOG1JanBwZHJIR2tqM2ppU0crMkd5N3A4YVp1T0lcbjQ5TWQzVTQ0OVJpU3htS3h3SlpUV05Md2RNVExLcXRBZTBlZk8ySGZwYm1DWUxYbk94WHlERlE5QW9HQU82OHlcbjhEYU5QRHIxUnRyWk9pMmtFWnBSdnZDVFhRWkFXbG5tZi95b0cwQlphUm5kUzdjZFRCNk1qdE1lNGpvQWFSdjlcbk5KbzJOK0g0SFByS1piekNjSWdISDN4YVRNOFZ5ejNuUnduNmp2dnVoRFQ1NlhHTkU3QXNoUjdvL2UwcHRidStcbi9ucFhhSExzM2N0U3ZVQ2xGSjA2OXpGcFJLNkthNTFPK3lkWm5kVUNnWUFKZW1LWmFlZDM5bEQ5SUx6Q0VQdkRcbmxpaDNnbUFRZC9FVDRCejlDSEFtcWhrdjMxNTliRzBLMzcyVE16cUJYRE9wWWx1b1lOeXhhU2RxWGIxZ0x5Mllcbk9JQzlCVzYxRkxKMGNFb0k5T2NJaEdrMVhTNDI1NUdYZGYzSjZWUVZRNnJhOUdoSUlWQ09ic1pCS0FuRW9idlhcbmoyYkFLcC9BUjFlSTM0bVNFRVlEQlE9PVxuLS0tLS1FTkQgUFJJVkFURSBLRVktLS0tLVxuIiwKICAiY2xpZW50X2VtYWlsIjogImdpdGh1Yi1hY3Rpb25zLXNhQGNvbmNlcnQtdHJhY2tlci0yNzcwMTYuaWFtLmdzZXJ2aWNlYWNjb3VudC5jb20iLAogICJjbGllbnRfaWQiOiAiMTA2MjMzODE0NDcyODYzOTkzMjkwIiwKICAiYXV0aF91cmkiOiAiaHR0cHM6Ly9hY2NvdW50cy5nb29nbGUuY29tL28vb2F1dGgyL2F1dGgiLAogICJ0b2tlbl91cmkiOiAiaHR0cHM6Ly9vYXV0aDIuZ29vZ2xlYXBpcy5jb20vdG9rZW4iLAogICJhdXRoX3Byb3ZpZGVyX3g1MDlfY2VydF91cmwiOiAiaHR0cHM6Ly93d3cuZ29vZ2xlYXBpcy5jb20vb2F1dGgyL3YxL2NlcnRzIiwKICAiY2xpZW50X3g1MDlfY2VydF91cmwiOiAiaHR0cHM6Ly93d3cuZ29vZ2xlYXBpcy5jb20vcm9ib3QvdjEvbWV0YWRhdGEveDUwOS9naXRodWItYWN0aW9ucy1zYSU0MGNvbmNlcnQtdHJhY2tlci0yNzcwMTYuaWFtLmdzZXJ2aWNlYWNjb3VudC5jb20iLAogICJ1bml2ZXJzZV9kb21haW4iOiAiZ29vZ2xlYXBpcy5jb20iCn0K",
            "private_key_type": "TYPE_GOOGLE_CREDENTIALS_FILE",
            "public_key": "LS0tLS1CRUdJTiBDRVJUSUZJQ0FURS0tLS0tCk1JSUMvVENDQWVXZ0F3SUJBZ0lKQU53ZTVyd2Zsd3hOTUEwR0NTcUdTSWIzRFFFQkJRVUFNQ0F4SGpBY0JnTlYKQkFNTUZURXdOakl6TXpneE5EUTNNamcyTXprNU16STVNREFnRncweU5EQTRNVFF4TVRJeE1qSmFHQTg1T1RrNQpNVEl6TVRJek5UazFPVm93SURFZU1Cd0dBMVVFQXd3Vk1UQTJNak16T0RFME5EY3lPRFl6T1Rrek1qa3dNSUlCCklqQU5CZ2txaGtpRzl3MEJBUUVGQUFPQ0FROEFNSUlCQ2dLQ0FRRUFrZ2NOZXMrS0tZVDRDWjVDS20ra3R1OWoKMDduNlBPZGRvSllGTEVrNUIxRndoNGJUTEJRSjJzOGM5UllrcEdVSkVkSDc4ODgyNElMMFFPaTlCZCtmVUtvSAp4clhQUjlCSUMyRVF6N0VuY1hvdkVLZGsyUml4SEkzQVYwZ2tBRXBxNUxiSjlDTFdWam9OSGUyU0d5Q0Z4OE1nCjhYZWFxdm9XSW9oRUhoTmJKUVhvaEwwdHpVb0lHTWNFRVNsdnZSRHBPVjZjMzd2eDNXQnN0bEg2cmRieHZ3Z04KZFZhUGZKdjB1bldSQ21FWk5WV2dpbGdZT093alJZcVdkWmtCZjQ3SUZvbU5LSXZVTC9MYUJ3NWQ5eUM0SU85TApmRndZcmVPaFF6OHI5UE1pRTQ5b1pua2d6S1pNYktTcERpQ0MvUzl0cElzUGVFZHZwUHRBRFQzOS92UkE1d0lECkFRQUJvemd3TmpBTUJnTlZIUk1CQWY4RUFqQUFNQTRHQTFVZER3RUIvd1FFQXdJSGdEQVdCZ05WSFNVQkFmOEUKRERBS0JnZ3JCZ0VGQlFjREFqQU5CZ2txaGtpRzl3MEJBUVVGQUFPQ0FRRUFRZ2d4TWZWVTJ0cFFGcWtCb3hhMQpGMGpYZVJYSTV4OHlrY2N1a0JVNHdIMVVuTkpMa2Q1QjczYmZoc0dCd052eGhTRFZobU5FQWorQ2dDakcyY2NXCmQ3aWJweVRSVXpVQjZ2aHAyTGlWcGtadmVLd0pSVkx4WEwxUHU1VmNvVFpZeWhkTDNhNXN2Zm5JK1FUNHFiWm8KM1Z6YWptLzJqRmx1UGpSNnJaZFo3dVBKMHhmY1RLd2YzWkJ1aTBHSzdnT0NMS0puSzh6cDVjZ2p2aU43NmxaTQp5SmJmbWhINzIybUdmaFZuLytJQ29ZTGVnNGFZUmZSYzliam9UVkJoVDhyQWJKOUJ0OUFJLzZieVA3TXo3OEhCClpvTzkxN3E4cmx3YVN2dWI4WGRsa3h1MXVFeGxIak9xRmNmbm92dXJsKzIzTWtjeUhQeEZpVk5Ld3JqdTlwMVEKcWc9PQotLS0tLUVORCBDRVJUSUZJQ0FURS0tLS0tCg==",
            "public_key_data": null,
            "public_key_type": "TYPE_X509_PEM_FILE",
            "service_account_id": "projects/concert-tracker-277016/serviceAccounts/github-actions-sa@concert-tracker-277016.iam.gserviceaccount.com",
            "valid_after": "2024-08-14T11:21:22Z",
            "valid_before": "9999-12-31T23:59:59Z"
          },
          "sensitive_attributes": [],
          "private": "bnVsbA==",
          "dependencies": [
            "google_service_account.service_account"
          ]
        }
      ]
    },
    {
      "module": "module.api_service",
      "mode": "data",
      "type": "google_secret_manager_secret_version",
      "name": "env_secrets",
      "provider": "provider[\"registry.terraform.io/hashicorp/google\"]",
      "instances": [
        {
          "index_key": "NEW_RELIC_LICENSE_KEY",
          "schema_version": 0,
          "attributes": {
            "create_time": "2024-08-03T21:33:01.141285Z",
            "destroy_time": null,
            "enabled": true,
            "id": "projects/570809723404/secrets/NEW_RELIC_LICENSE_KEY/versions/1",
            "name": "projects/570809723404/secrets/NEW_RELIC_LICENSE_KEY/versions/1",
            "project": "concert-tracker-277016",
            "secret": "NEW_RELIC_LICENSE_KEY",
            "secret_data": "dcfafb52d58facd360affff6bfe10e05FFFFNRAL",
            "version": "1"
          },
          "sensitive_attributes": []
        }
      ]
    },
    {
      "module": "module.api_service",
      "mode": "managed",
      "type": "google_cloud_run_domain_mapping",
      "name": "mapping",
      "provider": "provider[\"registry.terraform.io/hashicorp/google\"]",
      "instances": [
        {
          "schema_version": 1,
          "attributes": {
            "id": "locations/us-central1/namespaces/concert-tracker-277016/domainmappings/api.wento.me",
            "location": "us-central1",
            "metadata": [
              {
                "annotations": {},
                "effective_annotations": {
                  "run.googleapis.com/operation-id": "25c58ee3-d47d-4fba-a394-ca4de5985ab1",
                  "serving.knative.dev/creator": "jamie.william.buck@gmail.com",
                  "serving.knative.dev/lastModifier": "jamie.william.buck@gmail.com"
                },
                "effective_labels": {
                  "cloud.googleapis.com/location": "us-central1",
                  "run.googleapis.com/overrideAt": "2024-08-14T11:26:43.102Z"
                },
                "generation": 1,
                "labels": {},
                "namespace": "concert-tracker-277016",
                "resource_version": "AAYfowf9MAM",
                "self_link": "/apis/domains.cloudrun.com/v1/namespaces/570809723404/domainmappings/api.wento.me",
                "terraform_labels": {},
                "uid": "bcedb234-4501-4502-841e-9d51384fbc51"
              }
            ],
            "name": "api.wento.me",
            "project": "concert-tracker-277016",
            "spec": [
              {
                "certificate_mode": "AUTOMATIC",
                "force_override": false,
                "route_name": "api"
              }
            ],
            "status": [
              {
                "conditions": [
                  {
                    "message": "Waiting for certificate provisioning. You must configure your DNS records for certificate issuance to begin.",
                    "reason": "CertificatePending",
                    "status": "Unknown",
                    "type": "Ready"
                  },
                  {
                    "message": "Certificate issuance pending.",
                    "reason": "CertificatePending",
                    "status": "Unknown",
                    "type": "CertificateProvisioned"
                  },
                  {
                    "message": "",
                    "reason": "",
                    "status": "True",
                    "type": "DomainRoutable"
                  },
                  {
                    "message": "System will retry after 0:00:05 from lastTransitionTime for polling interval",
                    "reason": "WaitingForOperation",
                    "status": "True",
                    "type": "Retry"
                  }
                ],
                "mapped_route_name": "api",
                "observed_generation": 1,
                "resource_records": [
                  {
                    "name": "api",
                    "rrdata": "ghs.googlehosted.com.",
                    "type": "CNAME"
                  }
                ]
              }
            ],
            "timeouts": null
          },
          "sensitive_attributes": [],
          "private": "eyJlMmJmYjczMC1lY2FhLTExZTYtOGY4OC0zNDM2M2JjN2M0YzAiOnsiY3JlYXRlIjoxMjAwMDAwMDAwMDAwLCJkZWxldGUiOjEyMDAwMDAwMDAwMDB9LCJzY2hlbWFfdmVyc2lvbiI6IjEifQ==",
          "dependencies": [
            "google_dns_managed_zone.wento_me_zone",
            "google_service_account.cloud_run_service_account",
            "module.api_service.data.google_secret_manager_secret_version.env_secrets",
            "module.api_service.google_cloud_run_v2_service.service"
          ]
        }
      ]
    },
    {
      "module": "module.api_service",
      "mode": "managed",
      "type": "google_cloud_run_service_iam_member",
      "name": "invoker",
      "provider": "provider[\"registry.terraform.io/hashicorp/google\"]",
      "instances": [
        {
          "schema_version": 0,
          "attributes": {
            "condition": [],
            "etag": "BwYfov/p+04=",
            "id": "v1/projects/concert-tracker-277016/locations/us-central1/services/api/roles/run.invoker/allUsers",
            "location": "us-central1",
            "member": "allUsers",
            "project": "concert-tracker-277016",
            "role": "roles/run.invoker",
            "service": "v1/projects/concert-tracker-277016/locations/us-central1/services/api"
          },
          "sensitive_attributes": [],
          "private": "bnVsbA==",
          "dependencies": [
            "google_dns_managed_zone.wento_me_zone",
            "google_service_account.cloud_run_service_account",
            "module.api_service.data.google_secret_manager_secret_version.env_secrets",
            "module.api_service.google_cloud_run_v2_service.service"
          ]
        }
      ]
    },
    {
      "module": "module.api_service",
      "mode": "managed",
      "type": "google_cloud_run_v2_service",
      "name": "service",
      "provider": "provider[\"registry.terraform.io/hashicorp/google\"]",
      "instances": [
        {
          "schema_version": 0,
          "attributes": {
            "annotations": {},
            "binary_authorization": [],
            "client": "",
            "client_version": "",
            "conditions": [
              {
                "execution_reason": "",
                "last_transition_time": "2024-08-14T11:26:37.245949Z",
                "message": "",
                "reason": "",
                "revision_reason": "",
                "severity": "",
                "state": "CONDITION_SUCCEEDED",
                "type": "RoutesReady"
              },
              {
                "execution_reason": "",
                "last_transition_time": "2024-08-14T11:24:56.621219Z",
                "message": "",
                "reason": "",
                "revision_reason": "",
                "severity": "",
                "state": "CONDITION_SUCCEEDED",
                "type": "ConfigurationsReady"
              }
            ],
            "create_time": "2024-08-14T11:24:56.323254Z",
            "creator": "jamie.william.buck@gmail.com",
            "custom_audiences": [],
            "delete_time": "",
            "description": "",
            "effective_annotations": {},
            "effective_labels": {},
            "etag": "\"CIio8rUGEPDtkZoB/cHJvamVjdHMvY29uY2VydC10cmFja2VyLTI3NzAxNi9sb2NhdGlvbnMvdXMtY2VudHJhbDEvc2VydmljZXMvYXBp\"",
            "expire_time": "",
            "generation": "1",
            "id": "projects/concert-tracker-277016/locations/us-central1/services/api",
            "ingress": "INGRESS_TRAFFIC_ALL",
            "labels": {},
            "last_modifier": "jamie.william.buck@gmail.com",
            "latest_created_revision": "projects/concert-tracker-277016/locations/us-central1/services/api/revisions/api-00001-pjs",
            "latest_ready_revision": "projects/concert-tracker-277016/locations/us-central1/services/api/revisions/api-00001-pjs",
            "launch_stage": "GA",
            "location": "us-central1",
            "name": "api",
            "observed_generation": "1",
            "project": "concert-tracker-277016",
            "reconciling": false,
            "template": [
              {
                "annotations": {},
                "containers": [
                  {
                    "args": [],
                    "command": [],
                    "depends_on": [],
                    "env": [
                      {
                        "name": "NEW_RELIC_LICENSE_KEY",
                        "value": "dcfafb52d58facd360affff6bfe10e05FFFFNRAL",
                        "value_source": []
                      },
                      {
                        "name": "INTERNAL_ENV",
                        "value": "prod",
                        "value_source": []
                      },
                      {
                        "name": "NEW_RELIC_APP_NAME",
                        "value": "API",
                        "value_source": []
                      },
                      {
                        "name": "NEW_RELIC_NO_CONFIG_FILE",
                        "value": "true",
                        "value_source": []
                      },
                      {
                        "name": "NEW_RELIC_DISTRIBUTED_TRACING_ENABLED",
                        "value": "true",
                        "value_source": []
                      },
                      {
                        "name": "ENV NEW_RELIC_LOG",
                        "value": "stdout",
                        "value_source": []
                      }
                    ],
                    "image": "gcr.io/cloudrun/hello",
                    "liveness_probe": [
                      {
                        "failure_threshold": 3,
                        "grpc": [],
                        "http_get": [
                          {
                            "http_headers": [],
                            "path": "/health",
                            "port": 8080
                          }
                        ],
                        "initial_delay_seconds": 0,
                        "period_seconds": 300,
                        "tcp_socket": [],
                        "timeout_seconds": 10
                      }
                    ],
                    "name": "",
                    "ports": [
                      {
                        "container_port": 8080,
                        "name": "http1"
                      }
                    ],
                    "resources": [
                      {
                        "cpu_idle": true,
                        "limits": {
                          "cpu": "1000m",
                          "memory": "512Mi"
                        },
                        "startup_cpu_boost": false
                      }
                    ],
                    "startup_probe": [
                      {
                        "failure_threshold": 3,
                        "grpc": [],
                        "http_get": [
                          {
                            "http_headers": [],
                            "path": "/health",
                            "port": 8080
                          }
                        ],
                        "initial_delay_seconds": 30,
                        "period_seconds": 30,
                        "tcp_socket": [],
                        "timeout_seconds": 30
                      }
                    ],
                    "volume_mounts": [],
                    "working_dir": ""
                  }
                ],
                "encryption_key": "",
                "execution_environment": "",
                "labels": {},
                "max_instance_request_concurrency": 80,
                "revision": "",
                "scaling": [
                  {
                    "max_instance_count": 1,
                    "min_instance_count": 1
                  }
                ],
                "service_account": "ct-cloud-run-sa@concert-tracker-277016.iam.gserviceaccount.com",
                "session_affinity": false,
                "timeout": "300s",
                "volumes": [],
                "vpc_access": []
              }
            ],
            "terminal_condition": [
              {
                "execution_reason": "",
                "last_transition_time": "2024-08-14T11:26:37.280425Z",
                "message": "",
                "reason": "",
                "revision_reason": "",
                "severity": "",
                "state": "CONDITION_SUCCEEDED",
                "type": "Ready"
              }
            ],
            "terraform_labels": {},
            "timeouts": null,
            "traffic": [
              {
                "percent": 100,
                "revision": "",
                "tag": "",
                "type": "TRAFFIC_TARGET_ALLOCATION_TYPE_LATEST"
              }
            ],
            "traffic_statuses": [
              {
                "percent": 100,
                "revision": "",
                "tag": "",
                "type": "TRAFFIC_TARGET_ALLOCATION_TYPE_LATEST",
                "uri": ""
              }
            ],
            "uid": "efa44832-b01d-495a-b677-e60fa60580e9",
            "update_time": "2024-08-14T11:24:56.323254Z",
            "uri": "https://api-zff2abh3ta-uc.a.run.app"
          },
          "sensitive_attributes": [
            [
              {
                "type": "get_attr",
                "value": "template"
              },
              {
                "type": "index",
                "value": {
                  "value": 0,
                  "type": "number"
                }
              },
              {
                "type": "get_attr",
                "value": "containers"
              },
              {
                "type": "index",
                "value": {
                  "value": 0,
                  "type": "number"
                }
              },
              {
                "type": "get_attr",
                "value": "env"
              },
              {
                "type": "index",
                "value": {
                  "value": 0,
                  "type": "number"
                }
              },
              {
                "type": "get_attr",
                "value": "value"
              }
            ]
          ],
          "private": "eyJlMmJmYjczMC1lY2FhLTExZTYtOGY4OC0zNDM2M2JjN2M0YzAiOnsiY3JlYXRlIjoxMjAwMDAwMDAwMDAwLCJkZWxldGUiOjEyMDAwMDAwMDAwMDAsInVwZGF0ZSI6MTIwMDAwMDAwMDAwMH19",
          "dependencies": [
            "google_dns_managed_zone.wento_me_zone",
            "google_service_account.cloud_run_service_account",
            "module.api_service.data.google_secret_manager_secret_version.env_secrets"
          ]
        }
      ]
    },
    {
      "module": "module.enable_apis",
      "mode": "managed",
      "type": "google_project_service",
      "name": "cloudbuild",
      "provider": "provider[\"registry.terraform.io/hashicorp/google\"]",
      "instances": [
        {
          "schema_version": 0,
          "attributes": {
            "disable_dependent_services": null,
            "disable_on_destroy": true,
            "id": "concert-tracker-277016/cloudbuild.googleapis.com",
            "project": "concert-tracker-277016",
            "service": "cloudbuild.googleapis.com",
            "timeouts": null
          },
          "sensitive_attributes": [],
          "private": "eyJlMmJmYjczMC1lY2FhLTExZTYtOGY4OC0zNDM2M2JjN2M0YzAiOnsiY3JlYXRlIjoxMjAwMDAwMDAwMDAwLCJkZWxldGUiOjEyMDAwMDAwMDAwMDAsInJlYWQiOjYwMDAwMDAwMDAwMCwidXBkYXRlIjoxMjAwMDAwMDAwMDAwfX0="
        }
      ]
    },
    {
      "module": "module.enable_apis",
      "mode": "managed",
      "type": "google_project_service",
      "name": "compute",
      "provider": "provider[\"registry.terraform.io/hashicorp/google\"]",
      "instances": [
        {
          "schema_version": 0,
          "attributes": {
            "disable_dependent_services": null,
            "disable_on_destroy": true,
            "id": "concert-tracker-277016/compute.googleapis.com",
            "project": "concert-tracker-277016",
            "service": "compute.googleapis.com",
            "timeouts": null
          },
          "sensitive_attributes": [],
          "private": "eyJlMmJmYjczMC1lY2FhLTExZTYtOGY4OC0zNDM2M2JjN2M0YzAiOnsiY3JlYXRlIjoxMjAwMDAwMDAwMDAwLCJkZWxldGUiOjEyMDAwMDAwMDAwMDAsInJlYWQiOjYwMDAwMDAwMDAwMCwidXBkYXRlIjoxMjAwMDAwMDAwMDAwfX0="
        }
      ]
    },
    {
      "module": "module.enable_apis",
      "mode": "managed",
      "type": "google_project_service",
      "name": "dns",
      "provider": "provider[\"registry.terraform.io/hashicorp/google\"]",
      "instances": [
        {
          "schema_version": 0,
          "attributes": {
            "disable_dependent_services": null,
            "disable_on_destroy": true,
            "id": "concert-tracker-277016/dns.googleapis.com",
            "project": "concert-tracker-277016",
            "service": "dns.googleapis.com",
            "timeouts": null
          },
          "sensitive_attributes": [],
          "private": "eyJlMmJmYjczMC1lY2FhLTExZTYtOGY4OC0zNDM2M2JjN2M0YzAiOnsiY3JlYXRlIjoxMjAwMDAwMDAwMDAwLCJkZWxldGUiOjEyMDAwMDAwMDAwMDAsInJlYWQiOjYwMDAwMDAwMDAwMCwidXBkYXRlIjoxMjAwMDAwMDAwMDAwfX0="
        }
      ]
    },
    {
      "module": "module.enable_apis",
      "mode": "managed",
      "type": "google_project_service",
      "name": "iap",
      "provider": "provider[\"registry.terraform.io/hashicorp/google\"]",
      "instances": [
        {
          "schema_version": 0,
          "attributes": {
            "disable_dependent_services": null,
            "disable_on_destroy": true,
            "id": "concert-tracker-277016/iap.googleapis.com",
            "project": "concert-tracker-277016",
            "service": "iap.googleapis.com",
            "timeouts": null
          },
          "sensitive_attributes": [],
          "private": "eyJlMmJmYjczMC1lY2FhLTExZTYtOGY4OC0zNDM2M2JjN2M0YzAiOnsiY3JlYXRlIjoxMjAwMDAwMDAwMDAwLCJkZWxldGUiOjEyMDAwMDAwMDAwMDAsInJlYWQiOjYwMDAwMDAwMDAwMCwidXBkYXRlIjoxMjAwMDAwMDAwMDAwfX0="
        }
      ]
    },
    {
      "module": "module.enable_apis",
      "mode": "managed",
      "type": "google_project_service",
      "name": "run",
      "provider": "provider[\"registry.terraform.io/hashicorp/google\"]",
      "instances": [
        {
          "schema_version": 0,
          "attributes": {
            "disable_dependent_services": null,
            "disable_on_destroy": true,
            "id": "concert-tracker-277016/run.googleapis.com",
            "project": "concert-tracker-277016",
            "service": "run.googleapis.com",
            "timeouts": null
          },
          "sensitive_attributes": [],
          "private": "eyJlMmJmYjczMC1lY2FhLTExZTYtOGY4OC0zNDM2M2JjN2M0YzAiOnsiY3JlYXRlIjoxMjAwMDAwMDAwMDAwLCJkZWxldGUiOjEyMDAwMDAwMDAwMDAsInJlYWQiOjYwMDAwMDAwMDAwMCwidXBkYXRlIjoxMjAwMDAwMDAwMDAwfX0="
        }
      ]
    },
    {
      "module": "module.enable_apis",
      "mode": "managed",
      "type": "google_project_service",
      "name": "secret_manager",
      "provider": "provider[\"registry.terraform.io/hashicorp/google\"]",
      "instances": [
        {
          "schema_version": 0,
          "attributes": {
            "disable_dependent_services": null,
            "disable_on_destroy": true,
            "id": "concert-tracker-277016/secretmanager.googleapis.com",
            "project": "concert-tracker-277016",
            "service": "secretmanager.googleapis.com",
            "timeouts": null
          },
          "sensitive_attributes": [],
          "private": "eyJlMmJmYjczMC1lY2FhLTExZTYtOGY4OC0zNDM2M2JjN2M0YzAiOnsiY3JlYXRlIjoxMjAwMDAwMDAwMDAwLCJkZWxldGUiOjEyMDAwMDAwMDAwMDAsInJlYWQiOjYwMDAwMDAwMDAwMCwidXBkYXRlIjoxMjAwMDAwMDAwMDAwfX0="
        }
      ]
    },
    {
      "module": "module.web_service",
      "mode": "managed",
      "type": "google_cloud_run_domain_mapping",
      "name": "mapping",
      "provider": "provider[\"registry.terraform.io/hashicorp/google\"]",
      "instances": [
        {
          "schema_version": 1,
          "attributes": {
            "id": "locations/us-central1/namespaces/concert-tracker-277016/domainmappings/wento.me",
            "location": "us-central1",
            "metadata": [
              {
                "annotations": {},
                "effective_annotations": {
                  "run.googleapis.com/operation-id": "4da27666-a6a3-4f76-b1e6-09cfc260431a",
                  "serving.knative.dev/creator": "jamie.william.buck@gmail.com",
                  "serving.knative.dev/lastModifier": "jamie.william.buck@gmail.com"
                },
                "effective_labels": {
                  "cloud.googleapis.com/location": "us-central1",
                  "run.googleapis.com/overrideAt": "2024-08-14T11:27:22.757Z"
                },
                "generation": 1,
                "labels": {},
                "namespace": "concert-tracker-277016",
                "resource_version": "AAYfowo1Cps",
                "self_link": "/apis/domains.cloudrun.com/v1/namespaces/570809723404/domainmappings/wento.me",
                "terraform_labels": {},
                "uid": "f6f7757c-3daf-4647-a43e-c4e3760ff88e"
              }
            ],
            "name": "wento.me",
            "project": "concert-tracker-277016",
            "spec": [
              {
                "certificate_mode": "AUTOMATIC",
                "force_override": false,
                "route_name": "web"
              }
            ],
            "status": [
              {
                "conditions": [
                  {
                    "message": "Waiting for certificate provisioning. You must configure your DNS records for certificate issuance to begin.",
                    "reason": "CertificatePending",
                    "status": "Unknown",
                    "type": "Ready"
                  },
                  {
                    "message": "Certificate issuance pending.",
                    "reason": "CertificatePending",
                    "status": "Unknown",
                    "type": "CertificateProvisioned"
                  },
                  {
                    "message": "",
                    "reason": "",
                    "status": "True",
                    "type": "DomainRoutable"
                  },
                  {
                    "message": "System will retry after 0:00:05 from lastTransitionTime for polling interval",
                    "reason": "WaitingForOperation",
                    "status": "True",
                    "type": "Retry"
                  }
                ],
                "mapped_route_name": "web",
                "observed_generation": 1,
                "resource_records": [
                  {
                    "name": "",
                    "rrdata": "216.239.32.21",
                    "type": "A"
                  },
                  {
                    "name": "",
                    "rrdata": "216.239.34.21",
                    "type": "A"
                  },
                  {
                    "name": "",
                    "rrdata": "216.239.36.21",
                    "type": "A"
                  },
                  {
                    "name": "",
                    "rrdata": "216.239.38.21",
                    "type": "A"
                  },
                  {
                    "name": "",
                    "rrdata": "2001:4860:4802:32::15",
                    "type": "AAAA"
                  },
                  {
                    "name": "",
                    "rrdata": "2001:4860:4802:34::15",
                    "type": "AAAA"
                  },
                  {
                    "name": "",
                    "rrdata": "2001:4860:4802:36::15",
                    "type": "AAAA"
                  },
                  {
                    "name": "",
                    "rrdata": "2001:4860:4802:38::15",
                    "type": "AAAA"
                  }
                ]
              }
            ],
            "timeouts": null
          },
          "sensitive_attributes": [],
          "private": "eyJlMmJmYjczMC1lY2FhLTExZTYtOGY4OC0zNDM2M2JjN2M0YzAiOnsiY3JlYXRlIjoxMjAwMDAwMDAwMDAwLCJkZWxldGUiOjEyMDAwMDAwMDAwMDB9LCJzY2hlbWFfdmVyc2lvbiI6IjEifQ==",
          "dependencies": [
            "google_dns_managed_zone.wento_me_zone",
            "google_service_account.cloud_run_service_account",
            "module.web_service.data.google_secret_manager_secret_version.env_secrets",
            "module.web_service.google_cloud_run_v2_service.service"
          ]
        }
      ]
    },
    {
      "module": "module.web_service",
      "mode": "managed",
      "type": "google_cloud_run_service_iam_member",
      "name": "invoker",
      "provider": "provider[\"registry.terraform.io/hashicorp/google\"]",
      "instances": [
        {
          "schema_version": 0,
          "attributes": {
            "condition": [],
            "etag": "BwYfowJPkXc=",
            "id": "v1/projects/concert-tracker-277016/locations/us-central1/services/web/roles/run.invoker/allUsers",
            "location": "us-central1",
            "member": "allUsers",
            "project": "concert-tracker-277016",
            "role": "roles/run.invoker",
            "service": "v1/projects/concert-tracker-277016/locations/us-central1/services/web"
          },
          "sensitive_attributes": [],
          "private": "bnVsbA==",
          "dependencies": [
            "google_dns_managed_zone.wento_me_zone",
            "google_service_account.cloud_run_service_account",
            "module.web_service.data.google_secret_manager_secret_version.env_secrets",
            "module.web_service.google_cloud_run_v2_service.service"
          ]
        }
      ]
    },
    {
      "module": "module.web_service",
      "mode": "managed",
      "type": "google_cloud_run_v2_service",
      "name": "service",
      "provider": "provider[\"registry.terraform.io/hashicorp/google\"]",
      "instances": [
        {
          "schema_version": 0,
          "attributes": {
            "annotations": {},
            "binary_authorization": [],
            "client": "",
            "client_version": "",
            "conditions": [
              {
                "execution_reason": "",
                "last_transition_time": "2024-08-14T11:27:17.734888Z",
                "message": "",
                "reason": "",
                "revision_reason": "",
                "severity": "",
                "state": "CONDITION_SUCCEEDED",
                "type": "RoutesReady"
              },
              {
                "execution_reason": "",
                "last_transition_time": "2024-08-14T11:24:56.619617Z",
                "message": "",
                "reason": "",
                "revision_reason": "",
                "severity": "",
                "state": "CONDITION_SUCCEEDED",
                "type": "ConfigurationsReady"
              }
            ],
            "create_time": "2024-08-14T11:24:56.333230Z",
            "creator": "jamie.william.buck@gmail.com",
            "custom_audiences": [],
            "delete_time": "",
            "description": "",
            "effective_annotations": {},
            "effective_labels": {},
            "etag": "\"CIio8rUGELDf8p4B/cHJvamVjdHMvY29uY2VydC10cmFja2VyLTI3NzAxNi9sb2NhdGlvbnMvdXMtY2VudHJhbDEvc2VydmljZXMvd2Vi\"",
            "expire_time": "",
            "generation": "1",
            "id": "projects/concert-tracker-277016/locations/us-central1/services/web",
            "ingress": "INGRESS_TRAFFIC_ALL",
            "labels": {},
            "last_modifier": "jamie.william.buck@gmail.com",
            "latest_created_revision": "projects/concert-tracker-277016/locations/us-central1/services/web/revisions/web-00001-l6j",
            "latest_ready_revision": "projects/concert-tracker-277016/locations/us-central1/services/web/revisions/web-00001-l6j",
            "launch_stage": "GA",
            "location": "us-central1",
            "name": "web",
            "observed_generation": "1",
            "project": "concert-tracker-277016",
            "reconciling": false,
            "template": [
              {
                "annotations": {},
                "containers": [
                  {
                    "args": [],
                    "command": [],
                    "depends_on": [],
                    "env": [
                      {
                        "name": "INTERNAL_ENV",
                        "value": "prod",
                        "value_source": []
                      }
                    ],
                    "image": "gcr.io/cloudrun/hello",
                    "liveness_probe": [
                      {
                        "failure_threshold": 3,
                        "grpc": [],
                        "http_get": [
                          {
                            "http_headers": [],
                            "path": "/",
                            "port": 8080
                          }
                        ],
                        "initial_delay_seconds": 0,
                        "period_seconds": 300,
                        "tcp_socket": [],
                        "timeout_seconds": 10
                      }
                    ],
                    "name": "",
                    "ports": [
                      {
                        "container_port": 8080,
                        "name": "http1"
                      }
                    ],
                    "resources": [
                      {
                        "cpu_idle": true,
                        "limits": {
                          "cpu": "1000m",
                          "memory": "512Mi"
                        },
                        "startup_cpu_boost": false
                      }
                    ],
                    "startup_probe": [
                      {
                        "failure_threshold": 3,
                        "grpc": [],
                        "http_get": [
                          {
                            "http_headers": [],
                            "path": "/",
                            "port": 8080
                          }
                        ],
                        "initial_delay_seconds": 30,
                        "period_seconds": 30,
                        "tcp_socket": [],
                        "timeout_seconds": 30
                      }
                    ],
                    "volume_mounts": [],
                    "working_dir": ""
                  }
                ],
                "encryption_key": "",
                "execution_environment": "",
                "labels": {},
                "max_instance_request_concurrency": 80,
                "revision": "",
                "scaling": [
                  {
                    "max_instance_count": 1,
                    "min_instance_count": 1
                  }
                ],
                "service_account": "ct-cloud-run-sa@concert-tracker-277016.iam.gserviceaccount.com",
                "session_affinity": false,
                "timeout": "300s",
                "volumes": [],
                "vpc_access": []
              }
            ],
            "terminal_condition": [
              {
                "execution_reason": "",
                "last_transition_time": "2024-08-14T11:27:17.770041Z",
                "message": "",
                "reason": "",
                "revision_reason": "",
                "severity": "",
                "state": "CONDITION_SUCCEEDED",
                "type": "Ready"
              }
            ],
            "terraform_labels": {},
            "timeouts": null,
            "traffic": [
              {
                "percent": 100,
                "revision": "",
                "tag": "",
                "type": "TRAFFIC_TARGET_ALLOCATION_TYPE_LATEST"
              }
            ],
            "traffic_statuses": [
              {
                "percent": 100,
                "revision": "",
                "tag": "",
                "type": "TRAFFIC_TARGET_ALLOCATION_TYPE_LATEST",
                "uri": ""
              }
            ],
            "uid": "8b9842dd-592d-447b-8db9-6efcdedb08b4",
            "update_time": "2024-08-14T11:24:56.333230Z",
            "uri": "https://web-zff2abh3ta-uc.a.run.app"
          },
          "sensitive_attributes": [],
          "private": "eyJlMmJmYjczMC1lY2FhLTExZTYtOGY4OC0zNDM2M2JjN2M0YzAiOnsiY3JlYXRlIjoxMjAwMDAwMDAwMDAwLCJkZWxldGUiOjEyMDAwMDAwMDAwMDAsInVwZGF0ZSI6MTIwMDAwMDAwMDAwMH19",
          "dependencies": [
            "google_dns_managed_zone.wento_me_zone",
            "google_service_account.cloud_run_service_account",
            "module.web_service.data.google_secret_manager_secret_version.env_secrets"
          ]
        }
      ]
    }
  ],
  "check_results": []
}
